// !$*UTF8*$!
{
	archiveVersion = 1;
	classes = {
	};
	objectVersion = 48;
	objects = {

/* Begin PBXBuildFile section */
		2718D4B01FA158D3009211AC /* cooker.tga in CopyFiles */ = {isa = PBXBuildFile; fileRef = 2718D4AF1FA158AF009211AC /* cooker.tga */; };
		2718D4B31FA16211009211AC /* floor_diff.tga in CopyFiles */ = {isa = PBXBuildFile; fileRef = 2718D4B21FA16204009211AC /* floor_diff.tga */; };
		2718D4B41FA16211009211AC /* floor_disp.tga in CopyFiles */ = {isa = PBXBuildFile; fileRef = 2718D4B11FA16204009211AC /* floor_disp.tga */; };
		271C84BA1F87D9BB00E3F947 /* OpenGL.framework in Frameworks */ = {isa = PBXBuildFile; fileRef = 271C84B91F87D9BB00E3F947 /* OpenGL.framework */; };
		271C84BC1F87D9C000E3F947 /* GLUT.framework in Frameworks */ = {isa = PBXBuildFile; fileRef = 271C84BB1F87D9C000E3F947 /* GLUT.framework */; };
		271C84BE1F87D9D600E3F947 /* libGLEW.2.1.0.dylib in Frameworks */ = {isa = PBXBuildFile; fileRef = 271C84BD1F87D9D600E3F947 /* libGLEW.2.1.0.dylib */; };
		272BAA4C1FA1B5E5004AB084 /* ObjLoader.cpp in Sources */ = {isa = PBXBuildFile; fileRef = 272BAA4B1FA1B5E5004AB084 /* ObjLoader.cpp */; };
		27ADF54E1FA14D09002765D2 /* pointlight.vert in Copy Files */ = {isa = PBXBuildFile; fileRef = 27ADF4F81FA14C88002765D2 /* pointlight.vert */; };
		27ADF54F1FA14D09002765D2 /* pointlight.frag in Copy Files */ = {isa = PBXBuildFile; fileRef = 27ADF4F91FA14C88002765D2 /* pointlight.frag */; };
		27ADF5501FA14D16002765D2 /* candle.tga in CopyFiles */ = {isa = PBXBuildFile; fileRef = 27ADF4EF1FA14C88002765D2 /* candle.tga */; };
		27ADF5511FA14D16002765D2 /* butter.tga in CopyFiles */ = {isa = PBXBuildFile; fileRef = 27ADF4F01FA14C88002765D2 /* butter.tga */; };
		27ADF5531FA14D16002765D2 /* wood.tga in CopyFiles */ = {isa = PBXBuildFile; fileRef = 27ADF4F21FA14C88002765D2 /* wood.tga */; };
		27ADF5541FA14D16002765D2 /* orange.tga in CopyFiles */ = {isa = PBXBuildFile; fileRef = 27ADF4F31FA14C88002765D2 /* orange.tga */; };
		27ADF5551FA14D16002765D2 /* stone.tga in CopyFiles */ = {isa = PBXBuildFile; fileRef = 27ADF4F41FA14C88002765D2 /* stone.tga */; };
		27ADF5561FA14D16002765D2 /* cheerio.tga in CopyFiles */ = {isa = PBXBuildFile; fileRef = 27ADF4F51FA14C88002765D2 /* cheerio.tga */; };
		27ADF5571FA14D16002765D2 /* lightwood.tga in CopyFiles */ = {isa = PBXBuildFile; fileRef = 27ADF4F61FA14C88002765D2 /* lightwood.tga */; };
		27ADF5581FA14D1D002765D2 /* pause.tga in CopyFiles */ = {isa = PBXBuildFile; fileRef = 27ADF4FB1FA14C88002765D2 /* pause.tga */; };
		27ADF5591FA14D1D002765D2 /* gameover.tga in CopyFiles */ = {isa = PBXBuildFile; fileRef = 27ADF4FC1FA14C88002765D2 /* gameover.tga */; };
		27ADF5951FA14E81002765D2 /* AVTmathLib.cpp in Sources */ = {isa = PBXBuildFile; fileRef = 27ADF55B1FA14E81002765D2 /* AVTmathLib.cpp */; };
		27ADF5961FA14E81002765D2 /* Vector3.cpp in Sources */ = {isa = PBXBuildFile; fileRef = 27ADF55C1FA14E81002765D2 /* Vector3.cpp */; };
		27ADF5971FA14E81002765D2 /* Entity.cpp in Sources */ = {isa = PBXBuildFile; fileRef = 27ADF55D1FA14E81002765D2 /* Entity.cpp */; };
		27ADF5981FA14E81002765D2 /* Camera.cpp in Sources */ = {isa = PBXBuildFile; fileRef = 27ADF5601FA14E81002765D2 /* Camera.cpp */; };
		27ADF5991FA14E81002765D2 /* OrthogonalCamera.cpp in Sources */ = {isa = PBXBuildFile; fileRef = 27ADF5631FA14E81002765D2 /* OrthogonalCamera.cpp */; };
		27ADF59A1FA14E81002765D2 /* PerspectiveCamera.cpp in Sources */ = {isa = PBXBuildFile; fileRef = 27ADF5641FA14E81002765D2 /* PerspectiveCamera.cpp */; };
		27ADF59B1FA14E81002765D2 /* basic_geometry.cpp in Sources */ = {isa = PBXBuildFile; fileRef = 27ADF5661FA14E81002765D2 /* basic_geometry.cpp */; };
		27ADF59C1FA14E81002765D2 /* MicroMachines.cpp in Sources */ = {isa = PBXBuildFile; fileRef = 27ADF5671FA14E81002765D2 /* MicroMachines.cpp */; };
		27ADF59D1FA14E81002765D2 /* Table.cpp in Sources */ = {isa = PBXBuildFile; fileRef = 27ADF56B1FA14E81002765D2 /* Table.cpp */; };
		27ADF59E1FA14E81002765D2 /* DynamicObject.cpp in Sources */ = {isa = PBXBuildFile; fileRef = 27ADF56D1FA14E81002765D2 /* DynamicObject.cpp */; };
		27ADF59F1FA14E81002765D2 /* Cheerio.cpp in Sources */ = {isa = PBXBuildFile; fileRef = 27ADF56E1FA14E81002765D2 /* Cheerio.cpp */; };
		27ADF5A01FA14E81002765D2 /* Object.cpp in Sources */ = {isa = PBXBuildFile; fileRef = 27ADF5701FA14E81002765D2 /* Object.cpp */; };
		27ADF5A11FA14E81002765D2 /* Orange.cpp in Sources */ = {isa = PBXBuildFile; fileRef = 27ADF5721FA14E81002765D2 /* Orange.cpp */; };
		27ADF5A21FA14E81002765D2 /* Car.cpp in Sources */ = {isa = PBXBuildFile; fileRef = 27ADF5741FA14E81002765D2 /* Car.cpp */; };
		27ADF5A31FA14E81002765D2 /* StaticObject.cpp in Sources */ = {isa = PBXBuildFile; fileRef = 27ADF5751FA14E81002765D2 /* StaticObject.cpp */; };
		27ADF5A41FA14E81002765D2 /* Candle.cpp in Sources */ = {isa = PBXBuildFile; fileRef = 27ADF5761FA14E81002765D2 /* Candle.cpp */; };
		27ADF5A51FA14E81002765D2 /* Butter.cpp in Sources */ = {isa = PBXBuildFile; fileRef = 27ADF5781FA14E81002765D2 /* Butter.cpp */; };
		27ADF5A61FA14E81002765D2 /* DirectionalLight.cpp in Sources */ = {isa = PBXBuildFile; fileRef = 27ADF5801FA14E81002765D2 /* DirectionalLight.cpp */; };
		27ADF5A71FA14E81002765D2 /* PointLight.cpp in Sources */ = {isa = PBXBuildFile; fileRef = 27ADF5821FA14E81002765D2 /* PointLight.cpp */; };
		27ADF5A81FA14E81002765D2 /* Spotlight.cpp in Sources */ = {isa = PBXBuildFile; fileRef = 27ADF5831FA14E81002765D2 /* Spotlight.cpp */; };
		27ADF5A91FA14E81002765D2 /* LightSource.cpp in Sources */ = {isa = PBXBuildFile; fileRef = 27ADF5841FA14E81002765D2 /* LightSource.cpp */; };
		27ADF5AA1FA14E81002765D2 /* main.cpp in Sources */ = {isa = PBXBuildFile; fileRef = 27ADF58A1FA14E81002765D2 /* main.cpp */; };
		27ADF5AB1FA14E81002765D2 /* Pause.cpp in Sources */ = {isa = PBXBuildFile; fileRef = 27ADF58F1FA14E81002765D2 /* Pause.cpp */; };
		27ADF5AC1FA14E81002765D2 /* GameOver.cpp in Sources */ = {isa = PBXBuildFile; fileRef = 27ADF5901FA14E81002765D2 /* GameOver.cpp */; };
		27ADF5AD1FA14E81002765D2 /* vsShaderLib.cpp in Sources */ = {isa = PBXBuildFile; fileRef = 27ADF5921FA14E81002765D2 /* vsShaderLib.cpp */; };
		27ADF5AE1FA14E81002765D2 /* TGA.cpp in Sources */ = {isa = PBXBuildFile; fileRef = 27ADF5931FA14E81002765D2 /* TGA.cpp */; };
		27D5EB941FA1786D0015B813 /* Life.cpp in Sources */ = {isa = PBXBuildFile; fileRef = 27D5EB931FA1786D0015B813 /* Life.cpp */; };
		D1D7A23B1FB5CDB30045AD37 /* Points.cpp in Sources */ = {isa = PBXBuildFile; fileRef = D1D7A2391FB5CDB30045AD37 /* Points.cpp */; };
		D1F2F9131FB5DCF900CFB504 /* life.tga in CopyFiles */ = {isa = PBXBuildFile; fileRef = 27D5EB961FA179810015B813 /* life.tga */; };
		D1F2F9141FB5DD0400CFB504 /* font.tga in CopyFiles */ = {isa = PBXBuildFile; fileRef = D1D7A23E1FB5CF320045AD37 /* font.tga */; };
/* End PBXBuildFile section */

/* Begin PBXCopyFilesBuildPhase section */
		271C84741F87D91C00E3F947 /* Copy Files */ = {
			isa = PBXCopyFilesBuildPhase;
			buildActionMask = 12;
			dstPath = data/shaders;
			dstSubfolderSpec = 16;
			files = (
				27ADF54E1FA14D09002765D2 /* pointlight.vert in Copy Files */,
				27ADF54F1FA14D09002765D2 /* pointlight.frag in Copy Files */,
			);
			name = "Copy Files";
			runOnlyForDeploymentPostprocessing = 0;
		};
		275307C61F9E2BE000843A2A /* CopyFiles */ = {
			isa = PBXCopyFilesBuildPhase;
			buildActionMask = 12;
			dstPath = data/hud;
			dstSubfolderSpec = 16;
			files = (
				D1F2F9141FB5DD0400CFB504 /* font.tga in CopyFiles */,
				D1F2F9131FB5DCF900CFB504 /* life.tga in CopyFiles */,
				27ADF5581FA14D1D002765D2 /* pause.tga in CopyFiles */,
				27ADF5591FA14D1D002765D2 /* gameover.tga in CopyFiles */,
			);
			runOnlyForDeploymentPostprocessing = 0;
		};
		27D2E6701F991BBB0076D8FF /* CopyFiles */ = {
			isa = PBXCopyFilesBuildPhase;
			buildActionMask = 12;
			dstPath = data/textures;
			dstSubfolderSpec = 16;
			files = (
				2718D4B31FA16211009211AC /* floor_diff.tga in CopyFiles */,
				2718D4B41FA16211009211AC /* floor_disp.tga in CopyFiles */,
				2718D4B01FA158D3009211AC /* cooker.tga in CopyFiles */,
				27ADF5501FA14D16002765D2 /* candle.tga in CopyFiles */,
				27ADF5511FA14D16002765D2 /* butter.tga in CopyFiles */,
				27ADF5531FA14D16002765D2 /* wood.tga in CopyFiles */,
				27ADF5541FA14D16002765D2 /* orange.tga in CopyFiles */,
				27ADF5551FA14D16002765D2 /* stone.tga in CopyFiles */,
				27ADF5561FA14D16002765D2 /* cheerio.tga in CopyFiles */,
				27ADF5571FA14D16002765D2 /* lightwood.tga in CopyFiles */,
			);
			runOnlyForDeploymentPostprocessing = 0;
		};
/* End PBXCopyFilesBuildPhase section */

/* Begin PBXFileReference section */
		2718D4AF1FA158AF009211AC /* cooker.tga */ = {isa = PBXFileReference; lastKnownFileType = file; path = cooker.tga; sourceTree = "<group>"; };
		2718D4B11FA16204009211AC /* floor_disp.tga */ = {isa = PBXFileReference; lastKnownFileType = file; path = floor_disp.tga; sourceTree = "<group>"; };
		2718D4B21FA16204009211AC /* floor_diff.tga */ = {isa = PBXFileReference; lastKnownFileType = file; path = floor_diff.tga; sourceTree = "<group>"; };
		271C84761F87D91C00E3F947 /* MicroMachinesAVT */ = {isa = PBXFileReference; explicitFileType = "compiled.mach-o.executable"; includeInIndex = 0; path = MicroMachinesAVT; sourceTree = BUILT_PRODUCTS_DIR; };
		271C84B91F87D9BB00E3F947 /* OpenGL.framework */ = {isa = PBXFileReference; lastKnownFileType = wrapper.framework; name = OpenGL.framework; path = System/Library/Frameworks/OpenGL.framework; sourceTree = SDKROOT; };
		271C84BB1F87D9C000E3F947 /* GLUT.framework */ = {isa = PBXFileReference; lastKnownFileType = wrapper.framework; name = GLUT.framework; path = System/Library/Frameworks/GLUT.framework; sourceTree = SDKROOT; };
		271C84BD1F87D9D600E3F947 /* libGLEW.2.1.0.dylib */ = {isa = PBXFileReference; lastKnownFileType = "compiled.mach-o.dylib"; name = libGLEW.2.1.0.dylib; path = ../../../../usr/local/Cellar/glew/2.1.0/lib/libGLEW.2.1.0.dylib; sourceTree = "<group>"; };
		272BAA4B1FA1B5E5004AB084 /* ObjLoader.cpp */ = {isa = PBXFileReference; lastKnownFileType = sourcecode.cpp.cpp; path = ObjLoader.cpp; sourceTree = "<group>"; };
		272BAA4D1FA1B5F0004AB084 /* ObjLoader.h */ = {isa = PBXFileReference; lastKnownFileType = sourcecode.c.h; path = ObjLoader.h; sourceTree = "<group>"; };
		272BAA4E1FA1BDEE004AB084 /* libassimp.4.0.1.dylib */ = {isa = PBXFileReference; lastKnownFileType = "compiled.mach-o.dylib"; name = libassimp.4.0.1.dylib; path = ../../../../usr/local/Cellar/assimp/4.0.1/lib/libassimp.4.0.1.dylib; sourceTree = "<group>"; };
		27ADF4EF1FA14C88002765D2 /* candle.tga */ = {isa = PBXFileReference; lastKnownFileType = file; path = candle.tga; sourceTree = "<group>"; };
		27ADF4F01FA14C88002765D2 /* butter.tga */ = {isa = PBXFileReference; lastKnownFileType = file; path = butter.tga; sourceTree = "<group>"; };
		27ADF4F21FA14C88002765D2 /* wood.tga */ = {isa = PBXFileReference; lastKnownFileType = file; path = wood.tga; sourceTree = "<group>"; };
		27ADF4F31FA14C88002765D2 /* orange.tga */ = {isa = PBXFileReference; lastKnownFileType = file; path = orange.tga; sourceTree = "<group>"; };
		27ADF4F41FA14C88002765D2 /* stone.tga */ = {isa = PBXFileReference; lastKnownFileType = file; path = stone.tga; sourceTree = "<group>"; };
		27ADF4F51FA14C88002765D2 /* cheerio.tga */ = {isa = PBXFileReference; lastKnownFileType = file; path = cheerio.tga; sourceTree = "<group>"; };
		27ADF4F61FA14C88002765D2 /* lightwood.tga */ = {isa = PBXFileReference; lastKnownFileType = file; path = lightwood.tga; sourceTree = "<group>"; };
		27ADF4F81FA14C88002765D2 /* pointlight.vert */ = {isa = PBXFileReference; fileEncoding = 4; lastKnownFileType = sourcecode.glsl; path = pointlight.vert; sourceTree = "<group>"; };
		27ADF4F91FA14C88002765D2 /* pointlight.frag */ = {isa = PBXFileReference; fileEncoding = 4; lastKnownFileType = sourcecode.glsl; path = pointlight.frag; sourceTree = "<group>"; };
		27ADF4FB1FA14C88002765D2 /* pause.tga */ = {isa = PBXFileReference; lastKnownFileType = file; path = pause.tga; sourceTree = "<group>"; };
		27ADF4FC1FA14C88002765D2 /* gameover.tga */ = {isa = PBXFileReference; lastKnownFileType = file; path = gameover.tga; sourceTree = "<group>"; };
		27ADF55B1FA14E81002765D2 /* AVTmathLib.cpp */ = {isa = PBXFileReference; fileEncoding = 4; lastKnownFileType = sourcecode.cpp.cpp; path = AVTmathLib.cpp; sourceTree = "<group>"; };
		27ADF55C1FA14E81002765D2 /* Vector3.cpp */ = {isa = PBXFileReference; fileEncoding = 4; lastKnownFileType = sourcecode.cpp.cpp; path = Vector3.cpp; sourceTree = "<group>"; };
		27ADF55D1FA14E81002765D2 /* Entity.cpp */ = {isa = PBXFileReference; fileEncoding = 4; lastKnownFileType = sourcecode.cpp.cpp; path = Entity.cpp; sourceTree = "<group>"; };
		27ADF55F1FA14E81002765D2 /* PerspectiveCamera.h */ = {isa = PBXFileReference; fileEncoding = 4; lastKnownFileType = sourcecode.c.h; path = PerspectiveCamera.h; sourceTree = "<group>"; };
		27ADF5601FA14E81002765D2 /* Camera.cpp */ = {isa = PBXFileReference; fileEncoding = 4; lastKnownFileType = sourcecode.cpp.cpp; path = Camera.cpp; sourceTree = "<group>"; };
		27ADF5611FA14E81002765D2 /* Camera.h */ = {isa = PBXFileReference; fileEncoding = 4; lastKnownFileType = sourcecode.c.h; path = Camera.h; sourceTree = "<group>"; };
		27ADF5621FA14E81002765D2 /* OrthogonalCamera.h */ = {isa = PBXFileReference; fileEncoding = 4; lastKnownFileType = sourcecode.c.h; path = OrthogonalCamera.h; sourceTree = "<group>"; };
		27ADF5631FA14E81002765D2 /* OrthogonalCamera.cpp */ = {isa = PBXFileReference; fileEncoding = 4; lastKnownFileType = sourcecode.cpp.cpp; path = OrthogonalCamera.cpp; sourceTree = "<group>"; };
		27ADF5641FA14E81002765D2 /* PerspectiveCamera.cpp */ = {isa = PBXFileReference; fileEncoding = 4; lastKnownFileType = sourcecode.cpp.cpp; path = PerspectiveCamera.cpp; sourceTree = "<group>"; };
		27ADF5651FA14E81002765D2 /* VertexAttrDef.h */ = {isa = PBXFileReference; fileEncoding = 4; lastKnownFileType = sourcecode.c.h; path = VertexAttrDef.h; sourceTree = "<group>"; };
		27ADF5661FA14E81002765D2 /* basic_geometry.cpp */ = {isa = PBXFileReference; fileEncoding = 4; lastKnownFileType = sourcecode.cpp.cpp; path = basic_geometry.cpp; sourceTree = "<group>"; };
		27ADF5671FA14E81002765D2 /* MicroMachines.cpp */ = {isa = PBXFileReference; fileEncoding = 4; lastKnownFileType = sourcecode.cpp.cpp; path = MicroMachines.cpp; sourceTree = "<group>"; };
		27ADF5681FA14E81002765D2 /* cube.h */ = {isa = PBXFileReference; fileEncoding = 4; lastKnownFileType = sourcecode.c.h; path = cube.h; sourceTree = "<group>"; };
		27ADF5691FA14E81002765D2 /* TGA.h */ = {isa = PBXFileReference; fileEncoding = 4; lastKnownFileType = sourcecode.c.h; path = TGA.h; sourceTree = "<group>"; };
		27ADF56B1FA14E81002765D2 /* Table.cpp */ = {isa = PBXFileReference; fileEncoding = 4; lastKnownFileType = sourcecode.cpp.cpp; path = Table.cpp; sourceTree = "<group>"; };
		27ADF56C1FA14E81002765D2 /* StaticObject.h */ = {isa = PBXFileReference; fileEncoding = 4; lastKnownFileType = sourcecode.c.h; path = StaticObject.h; sourceTree = "<group>"; };
		27ADF56D1FA14E81002765D2 /* DynamicObject.cpp */ = {isa = PBXFileReference; fileEncoding = 4; lastKnownFileType = sourcecode.cpp.cpp; path = DynamicObject.cpp; sourceTree = "<group>"; };
		27ADF56E1FA14E81002765D2 /* Cheerio.cpp */ = {isa = PBXFileReference; fileEncoding = 4; lastKnownFileType = sourcecode.cpp.cpp; path = Cheerio.cpp; sourceTree = "<group>"; };
		27ADF56F1FA14E81002765D2 /* Cheerio.h */ = {isa = PBXFileReference; fileEncoding = 4; lastKnownFileType = sourcecode.c.h; path = Cheerio.h; sourceTree = "<group>"; };
		27ADF5701FA14E81002765D2 /* Object.cpp */ = {isa = PBXFileReference; fileEncoding = 4; lastKnownFileType = sourcecode.cpp.cpp; path = Object.cpp; sourceTree = "<group>"; };
		27ADF5711FA14E81002765D2 /* Car.h */ = {isa = PBXFileReference; fileEncoding = 4; lastKnownFileType = sourcecode.c.h; path = Car.h; sourceTree = "<group>"; };
		27ADF5721FA14E81002765D2 /* Orange.cpp */ = {isa = PBXFileReference; fileEncoding = 4; lastKnownFileType = sourcecode.cpp.cpp; path = Orange.cpp; sourceTree = "<group>"; };
		27ADF5731FA14E81002765D2 /* Candle.h */ = {isa = PBXFileReference; fileEncoding = 4; lastKnownFileType = sourcecode.c.h; path = Candle.h; sourceTree = "<group>"; };
		27ADF5741FA14E81002765D2 /* Car.cpp */ = {isa = PBXFileReference; fileEncoding = 4; lastKnownFileType = sourcecode.cpp.cpp; path = Car.cpp; sourceTree = "<group>"; };
		27ADF5751FA14E81002765D2 /* StaticObject.cpp */ = {isa = PBXFileReference; fileEncoding = 4; lastKnownFileType = sourcecode.cpp.cpp; path = StaticObject.cpp; sourceTree = "<group>"; };
		27ADF5761FA14E81002765D2 /* Candle.cpp */ = {isa = PBXFileReference; fileEncoding = 4; lastKnownFileType = sourcecode.cpp.cpp; path = Candle.cpp; sourceTree = "<group>"; };
		27ADF5771FA14E81002765D2 /* DynamicObject.h */ = {isa = PBXFileReference; fileEncoding = 4; lastKnownFileType = sourcecode.c.h; path = DynamicObject.h; sourceTree = "<group>"; };
		27ADF5781FA14E81002765D2 /* Butter.cpp */ = {isa = PBXFileReference; fileEncoding = 4; lastKnownFileType = sourcecode.cpp.cpp; path = Butter.cpp; sourceTree = "<group>"; };
		27ADF5791FA14E81002765D2 /* Object.h */ = {isa = PBXFileReference; fileEncoding = 4; lastKnownFileType = sourcecode.c.h; path = Object.h; sourceTree = "<group>"; };
		27ADF57A1FA14E81002765D2 /* Table.h */ = {isa = PBXFileReference; fileEncoding = 4; lastKnownFileType = sourcecode.c.h; path = Table.h; sourceTree = "<group>"; };
		27ADF57B1FA14E81002765D2 /* Butter.h */ = {isa = PBXFileReference; fileEncoding = 4; lastKnownFileType = sourcecode.c.h; path = Butter.h; sourceTree = "<group>"; };
		27ADF57C1FA14E81002765D2 /* Orange.h */ = {isa = PBXFileReference; fileEncoding = 4; lastKnownFileType = sourcecode.c.h; path = Orange.h; sourceTree = "<group>"; };
		27ADF57D1FA14E81002765D2 /* Entity.h */ = {isa = PBXFileReference; fileEncoding = 4; lastKnownFileType = sourcecode.c.h; path = Entity.h; sourceTree = "<group>"; };
		27ADF57E1FA14E81002765D2 /* MicroMachines.h */ = {isa = PBXFileReference; fileEncoding = 4; lastKnownFileType = sourcecode.c.h; path = MicroMachines.h; sourceTree = "<group>"; };
		27ADF5801FA14E81002765D2 /* DirectionalLight.cpp */ = {isa = PBXFileReference; fileEncoding = 4; lastKnownFileType = sourcecode.cpp.cpp; path = DirectionalLight.cpp; sourceTree = "<group>"; };
		27ADF5811FA14E81002765D2 /* PointLight.h */ = {isa = PBXFileReference; fileEncoding = 4; lastKnownFileType = sourcecode.c.h; path = PointLight.h; sourceTree = "<group>"; };
		27ADF5821FA14E81002765D2 /* PointLight.cpp */ = {isa = PBXFileReference; fileEncoding = 4; lastKnownFileType = sourcecode.cpp.cpp; path = PointLight.cpp; sourceTree = "<group>"; };
		27ADF5831FA14E81002765D2 /* Spotlight.cpp */ = {isa = PBXFileReference; fileEncoding = 4; lastKnownFileType = sourcecode.cpp.cpp; path = Spotlight.cpp; sourceTree = "<group>"; };
		27ADF5841FA14E81002765D2 /* LightSource.cpp */ = {isa = PBXFileReference; fileEncoding = 4; lastKnownFileType = sourcecode.cpp.cpp; path = LightSource.cpp; sourceTree = "<group>"; };
		27ADF5851FA14E81002765D2 /* DirectionalLight.h */ = {isa = PBXFileReference; fileEncoding = 4; lastKnownFileType = sourcecode.c.h; path = DirectionalLight.h; sourceTree = "<group>"; };
		27ADF5861FA14E81002765D2 /* LightSource.h */ = {isa = PBXFileReference; fileEncoding = 4; lastKnownFileType = sourcecode.c.h; path = LightSource.h; sourceTree = "<group>"; };
		27ADF5871FA14E81002765D2 /* Spotlight.h */ = {isa = PBXFileReference; fileEncoding = 4; lastKnownFileType = sourcecode.c.h; path = Spotlight.h; sourceTree = "<group>"; };
		27ADF5881FA14E81002765D2 /* Init.h */ = {isa = PBXFileReference; fileEncoding = 4; lastKnownFileType = sourcecode.c.h; path = Init.h; sourceTree = "<group>"; };
		27ADF5891FA14E81002765D2 /* AVTmathLib.h */ = {isa = PBXFileReference; fileEncoding = 4; lastKnownFileType = sourcecode.c.h; path = AVTmathLib.h; sourceTree = "<group>"; };
		27ADF58A1FA14E81002765D2 /* main.cpp */ = {isa = PBXFileReference; fileEncoding = 4; lastKnownFileType = sourcecode.cpp.cpp; path = main.cpp; sourceTree = "<group>"; };
		27ADF58B1FA14E81002765D2 /* basic_geometry.h */ = {isa = PBXFileReference; fileEncoding = 4; lastKnownFileType = sourcecode.c.h; path = basic_geometry.h; sourceTree = "<group>"; };
		27ADF58C1FA14E81002765D2 /* Vector3.h */ = {isa = PBXFileReference; fileEncoding = 4; lastKnownFileType = sourcecode.c.h; path = Vector3.h; sourceTree = "<group>"; };
		27ADF58E1FA14E81002765D2 /* GameOver.h */ = {isa = PBXFileReference; fileEncoding = 4; lastKnownFileType = sourcecode.c.h; path = GameOver.h; sourceTree = "<group>"; };
		27ADF58F1FA14E81002765D2 /* Pause.cpp */ = {isa = PBXFileReference; fileEncoding = 4; lastKnownFileType = sourcecode.cpp.cpp; path = Pause.cpp; sourceTree = "<group>"; };
		27ADF5901FA14E81002765D2 /* GameOver.cpp */ = {isa = PBXFileReference; fileEncoding = 4; lastKnownFileType = sourcecode.cpp.cpp; path = GameOver.cpp; sourceTree = "<group>"; };
		27ADF5911FA14E81002765D2 /* Pause.h */ = {isa = PBXFileReference; fileEncoding = 4; lastKnownFileType = sourcecode.c.h; path = Pause.h; sourceTree = "<group>"; };
		27ADF5921FA14E81002765D2 /* vsShaderLib.cpp */ = {isa = PBXFileReference; fileEncoding = 4; lastKnownFileType = sourcecode.cpp.cpp; path = vsShaderLib.cpp; sourceTree = "<group>"; };
		27ADF5931FA14E81002765D2 /* TGA.cpp */ = {isa = PBXFileReference; fileEncoding = 4; lastKnownFileType = sourcecode.cpp.cpp; path = TGA.cpp; sourceTree = "<group>"; };
		27ADF5941FA14E81002765D2 /* vsShaderLib.h */ = {isa = PBXFileReference; fileEncoding = 4; lastKnownFileType = sourcecode.c.h; path = vsShaderLib.h; sourceTree = "<group>"; };
		27D5EB931FA1786D0015B813 /* Life.cpp */ = {isa = PBXFileReference; lastKnownFileType = sourcecode.cpp.cpp; path = Life.cpp; sourceTree = "<group>"; };
		27D5EB951FA178800015B813 /* Life.h */ = {isa = PBXFileReference; lastKnownFileType = sourcecode.c.h; path = Life.h; sourceTree = "<group>"; };
		27D5EB961FA179810015B813 /* life.tga */ = {isa = PBXFileReference; lastKnownFileType = file; path = life.tga; sourceTree = "<group>"; };
		D1D7A2391FB5CDB30045AD37 /* Points.cpp */ = {isa = PBXFileReference; lastKnownFileType = sourcecode.cpp.cpp; path = Points.cpp; sourceTree = "<group>"; };
		D1D7A23A1FB5CDB30045AD37 /* Points.h */ = {isa = PBXFileReference; lastKnownFileType = sourcecode.c.h; path = Points.h; sourceTree = "<group>"; };
		D1D7A23E1FB5CF320045AD37 /* font.tga */ = {isa = PBXFileReference; lastKnownFileType = file; path = font.tga; sourceTree = "<group>"; };
/* End PBXFileReference section */

/* Begin PBXFrameworksBuildPhase section */
		271C84731F87D91C00E3F947 /* Frameworks */ = {
			isa = PBXFrameworksBuildPhase;
			buildActionMask = 2147483647;
			files = (
				271C84BE1F87D9D600E3F947 /* libGLEW.2.1.0.dylib in Frameworks */,
				271C84BC1F87D9C000E3F947 /* GLUT.framework in Frameworks */,
				271C84BA1F87D9BB00E3F947 /* OpenGL.framework in Frameworks */,
			);
			runOnlyForDeploymentPostprocessing = 0;
		};
/* End PBXFrameworksBuildPhase section */

/* Begin PBXGroup section */
		271C846D1F87D91C00E3F947 = {
			isa = PBXGroup;
			children = (
				27ADF55A1FA14E81002765D2 /* src */,
				27ADF4ED1FA14C88002765D2 /* data */,
				271C84771F87D91C00E3F947 /* Products */,
				271C84B81F87D9BA00E3F947 /* Frameworks */,
			);
			sourceTree = "<group>";
		};
		271C84771F87D91C00E3F947 /* Products */ = {
			isa = PBXGroup;
			children = (
				271C84761F87D91C00E3F947 /* MicroMachinesAVT */,
			);
			name = Products;
			sourceTree = "<group>";
		};
		271C84B81F87D9BA00E3F947 /* Frameworks */ = {
			isa = PBXGroup;
			children = (
				272BAA4E1FA1BDEE004AB084 /* libassimp.4.0.1.dylib */,
				271C84BD1F87D9D600E3F947 /* libGLEW.2.1.0.dylib */,
				271C84BB1F87D9C000E3F947 /* GLUT.framework */,
				271C84B91F87D9BB00E3F947 /* OpenGL.framework */,
			);
			name = Frameworks;
			sourceTree = "<group>";
		};
		272BAA4A1FA1B5C6004AB084 /* loader */ = {
			isa = PBXGroup;
			children = (
				272BAA4B1FA1B5E5004AB084 /* ObjLoader.cpp */,
				272BAA4D1FA1B5F0004AB084 /* ObjLoader.h */,
			);
			path = loader;
			sourceTree = "<group>";
		};
		27ADF4ED1FA14C88002765D2 /* data */ = {
			isa = PBXGroup;
			children = (
				27ADF4EE1FA14C88002765D2 /* textures */,
				27ADF4F71FA14C88002765D2 /* shaders */,
				27ADF4FA1FA14C88002765D2 /* hud */,
			);
			path = data;
			sourceTree = "<group>";
		};
		27ADF4EE1FA14C88002765D2 /* textures */ = {
			isa = PBXGroup;
			children = (
				2718D4B21FA16204009211AC /* floor_diff.tga */,
				2718D4B11FA16204009211AC /* floor_disp.tga */,
				2718D4AF1FA158AF009211AC /* cooker.tga */,
				27ADF4EF1FA14C88002765D2 /* candle.tga */,
				27ADF4F01FA14C88002765D2 /* butter.tga */,
				27ADF4F21FA14C88002765D2 /* wood.tga */,
				27ADF4F31FA14C88002765D2 /* orange.tga */,
				27ADF4F41FA14C88002765D2 /* stone.tga */,
				27ADF4F51FA14C88002765D2 /* cheerio.tga */,
				27ADF4F61FA14C88002765D2 /* lightwood.tga */,
			);
			path = textures;
			sourceTree = "<group>";
		};
		27ADF4F71FA14C88002765D2 /* shaders */ = {
			isa = PBXGroup;
			children = (
				27ADF4F81FA14C88002765D2 /* pointlight.vert */,
				27ADF4F91FA14C88002765D2 /* pointlight.frag */,
			);
			path = shaders;
			sourceTree = "<group>";
		};
		27ADF4FA1FA14C88002765D2 /* hud */ = {
			isa = PBXGroup;
			children = (
				27D5EB961FA179810015B813 /* life.tga */,
				D1D7A23E1FB5CF320045AD37 /* font.tga */,
				27ADF4FB1FA14C88002765D2 /* pause.tga */,
				27ADF4FC1FA14C88002765D2 /* gameover.tga */,
			);
			path = hud;
			sourceTree = "<group>";
		};
		27ADF55A1FA14E81002765D2 /* src */ = {
			isa = PBXGroup;
			children = (
				272BAA4A1FA1B5C6004AB084 /* loader */,
				27ADF55B1FA14E81002765D2 /* AVTmathLib.cpp */,
				27ADF5661FA14E81002765D2 /* basic_geometry.cpp */,
				27ADF55D1FA14E81002765D2 /* Entity.cpp */,
				27ADF58A1FA14E81002765D2 /* main.cpp */,
				27ADF5671FA14E81002765D2 /* MicroMachines.cpp */,
				27ADF5931FA14E81002765D2 /* TGA.cpp */,
				27ADF55C1FA14E81002765D2 /* Vector3.cpp */,
				27ADF5921FA14E81002765D2 /* vsShaderLib.cpp */,
				27ADF5891FA14E81002765D2 /* AVTmathLib.h */,
				27ADF58B1FA14E81002765D2 /* basic_geometry.h */,
				27ADF5681FA14E81002765D2 /* cube.h */,
				27ADF57D1FA14E81002765D2 /* Entity.h */,
				27ADF5881FA14E81002765D2 /* Init.h */,
				27ADF57E1FA14E81002765D2 /* MicroMachines.h */,
				27ADF5691FA14E81002765D2 /* TGA.h */,
				27ADF58C1FA14E81002765D2 /* Vector3.h */,
				27ADF5651FA14E81002765D2 /* VertexAttrDef.h */,
				27ADF5941FA14E81002765D2 /* vsShaderLib.h */,
				27ADF55E1FA14E81002765D2 /* camera */,
				27ADF58D1FA14E81002765D2 /* hud */,
				27ADF57F1FA14E81002765D2 /* light */,
				27ADF56A1FA14E81002765D2 /* object */,
			);
			path = src;
			sourceTree = "<group>";
		};
		27ADF55E1FA14E81002765D2 /* camera */ = {
			isa = PBXGroup;
			children = (
				27ADF55F1FA14E81002765D2 /* PerspectiveCamera.h */,
				27ADF5601FA14E81002765D2 /* Camera.cpp */,
				27ADF5611FA14E81002765D2 /* Camera.h */,
				27ADF5621FA14E81002765D2 /* OrthogonalCamera.h */,
				27ADF5631FA14E81002765D2 /* OrthogonalCamera.cpp */,
				27ADF5641FA14E81002765D2 /* PerspectiveCamera.cpp */,
			);
			path = camera;
			sourceTree = "<group>";
		};
		27ADF56A1FA14E81002765D2 /* object */ = {
			isa = PBXGroup;
			children = (
				27ADF5781FA14E81002765D2 /* Butter.cpp */,
				27ADF5761FA14E81002765D2 /* Candle.cpp */,
				27ADF5741FA14E81002765D2 /* Car.cpp */,
				27ADF56E1FA14E81002765D2 /* Cheerio.cpp */,
				27ADF56D1FA14E81002765D2 /* DynamicObject.cpp */,
				27ADF5701FA14E81002765D2 /* Object.cpp */,
				27ADF5721FA14E81002765D2 /* Orange.cpp */,
				27ADF5751FA14E81002765D2 /* StaticObject.cpp */,
				27ADF56B1FA14E81002765D2 /* Table.cpp */,
				27ADF57B1FA14E81002765D2 /* Butter.h */,
				27ADF5731FA14E81002765D2 /* Candle.h */,
				27ADF5711FA14E81002765D2 /* Car.h */,
				27ADF56F1FA14E81002765D2 /* Cheerio.h */,
				27ADF5771FA14E81002765D2 /* DynamicObject.h */,
				27ADF5791FA14E81002765D2 /* Object.h */,
				27ADF57C1FA14E81002765D2 /* Orange.h */,
				27ADF56C1FA14E81002765D2 /* StaticObject.h */,
				27ADF57A1FA14E81002765D2 /* Table.h */,
			);
			path = object;
			sourceTree = "<group>";
		};
		27ADF57F1FA14E81002765D2 /* light */ = {
			isa = PBXGroup;
			children = (
				27ADF5801FA14E81002765D2 /* DirectionalLight.cpp */,
				27ADF5811FA14E81002765D2 /* PointLight.h */,
				27ADF5821FA14E81002765D2 /* PointLight.cpp */,
				27ADF5831FA14E81002765D2 /* Spotlight.cpp */,
				27ADF5841FA14E81002765D2 /* LightSource.cpp */,
				27ADF5851FA14E81002765D2 /* DirectionalLight.h */,
				27ADF5861FA14E81002765D2 /* LightSource.h */,
				27ADF5871FA14E81002765D2 /* Spotlight.h */,
			);
			path = light;
			sourceTree = "<group>";
		};
		27ADF58D1FA14E81002765D2 /* hud */ = {
			isa = PBXGroup;
			children = (
				27ADF58E1FA14E81002765D2 /* GameOver.h */,
				27ADF58F1FA14E81002765D2 /* Pause.cpp */,
				27ADF5901FA14E81002765D2 /* GameOver.cpp */,
				27ADF5911FA14E81002765D2 /* Pause.h */,
				27D5EB931FA1786D0015B813 /* Life.cpp */,
				27D5EB951FA178800015B813 /* Life.h */,
				D1D7A2391FB5CDB30045AD37 /* Points.cpp */,
				D1D7A23A1FB5CDB30045AD37 /* Points.h */,
			);
			path = hud;
			sourceTree = "<group>";
		};
/* End PBXGroup section */

/* Begin PBXNativeTarget section */
		271C84751F87D91C00E3F947 /* MicroMachinesAVT */ = {
			isa = PBXNativeTarget;
			buildConfigurationList = 271C847D1F87D91D00E3F947 /* Build configuration list for PBXNativeTarget "MicroMachinesAVT" */;
			buildPhases = (
				271C84721F87D91C00E3F947 /* Sources */,
				271C84731F87D91C00E3F947 /* Frameworks */,
				271C84741F87D91C00E3F947 /* Copy Files */,
				27D2E6701F991BBB0076D8FF /* CopyFiles */,
				275307C61F9E2BE000843A2A /* CopyFiles */,
			);
			buildRules = (
			);
			dependencies = (
			);
			name = MicroMachinesAVT;
			productName = exercise3;
			productReference = 271C84761F87D91C00E3F947 /* MicroMachinesAVT */;
			productType = "com.apple.product-type.tool";
		};
/* End PBXNativeTarget section */

/* Begin PBXProject section */
		271C846E1F87D91C00E3F947 /* Project object */ = {
			isa = PBXProject;
			attributes = {
				LastUpgradeCheck = 0900;
				ORGANIZATIONNAME = group08;
				TargetAttributes = {
					271C84751F87D91C00E3F947 = {
						CreatedOnToolsVersion = 9.0;
						ProvisioningStyle = Automatic;
					};
				};
			};
			buildConfigurationList = 271C84711F87D91C00E3F947 /* Build configuration list for PBXProject "MicroMachinesAVT" */;
			compatibilityVersion = "Xcode 8.0";
			developmentRegion = en;
			hasScannedForEncodings = 0;
			knownRegions = (
				en,
			);
			mainGroup = 271C846D1F87D91C00E3F947;
			productRefGroup = 271C84771F87D91C00E3F947 /* Products */;
			projectDirPath = "";
			projectRoot = "";
			targets = (
				271C84751F87D91C00E3F947 /* MicroMachinesAVT */,
			);
		};
/* End PBXProject section */

/* Begin PBXSourcesBuildPhase section */
		271C84721F87D91C00E3F947 /* Sources */ = {
			isa = PBXSourcesBuildPhase;
			buildActionMask = 2147483647;
			files = (
				27D5EB941FA1786D0015B813 /* Life.cpp in Sources */,
				27ADF5A81FA14E81002765D2 /* Spotlight.cpp in Sources */,
				27ADF5A31FA14E81002765D2 /* StaticObject.cpp in Sources */,
				27ADF5981FA14E81002765D2 /* Camera.cpp in Sources */,
				272BAA4C1FA1B5E5004AB084 /* ObjLoader.cpp in Sources */,
				27ADF5A71FA14E81002765D2 /* PointLight.cpp in Sources */,
				27ADF5AA1FA14E81002765D2 /* main.cpp in Sources */,
				27ADF5A41FA14E81002765D2 /* Candle.cpp in Sources */,
				27ADF59A1FA14E81002765D2 /* PerspectiveCamera.cpp in Sources */,
				27ADF5A01FA14E81002765D2 /* Object.cpp in Sources */,
				27ADF5961FA14E81002765D2 /* Vector3.cpp in Sources */,
				27ADF59B1FA14E81002765D2 /* basic_geometry.cpp in Sources */,
				27ADF59F1FA14E81002765D2 /* Cheerio.cpp in Sources */,
				27ADF59C1FA14E81002765D2 /* MicroMachines.cpp in Sources */,
				27ADF5971FA14E81002765D2 /* Entity.cpp in Sources */,
				27ADF5AB1FA14E81002765D2 /* Pause.cpp in Sources */,
				27ADF5A21FA14E81002765D2 /* Car.cpp in Sources */,
				27ADF5A61FA14E81002765D2 /* DirectionalLight.cpp in Sources */,
				27ADF59D1FA14E81002765D2 /* Table.cpp in Sources */,
				27ADF5A11FA14E81002765D2 /* Orange.cpp in Sources */,
				27ADF5A91FA14E81002765D2 /* LightSource.cpp in Sources */,
				27ADF5AD1FA14E81002765D2 /* vsShaderLib.cpp in Sources */,
				27ADF5AC1FA14E81002765D2 /* GameOver.cpp in Sources */,
				D1D7A23B1FB5CDB30045AD37 /* Points.cpp in Sources */,
				27ADF5951FA14E81002765D2 /* AVTmathLib.cpp in Sources */,
				27ADF5AE1FA14E81002765D2 /* TGA.cpp in Sources */,
				27ADF5A51FA14E81002765D2 /* Butter.cpp in Sources */,
				27ADF59E1FA14E81002765D2 /* DynamicObject.cpp in Sources */,
				27ADF5991FA14E81002765D2 /* OrthogonalCamera.cpp in Sources */,
			);
			runOnlyForDeploymentPostprocessing = 0;
		};
/* End PBXSourcesBuildPhase section */

/* Begin XCBuildConfiguration section */
		271C847B1F87D91D00E3F947 /* Debug */ = {
			isa = XCBuildConfiguration;
			buildSettings = {
				ALWAYS_SEARCH_USER_PATHS = NO;
				CLANG_ANALYZER_NONNULL = YES;
				CLANG_ANALYZER_NUMBER_OBJECT_CONVERSION = YES_AGGRESSIVE;
				CLANG_CXX_LANGUAGE_STANDARD = "gnu++14";
				CLANG_CXX_LIBRARY = "libc++";
				CLANG_ENABLE_MODULES = YES;
				CLANG_ENABLE_OBJC_ARC = YES;
				CLANG_WARN_BLOCK_CAPTURE_AUTORELEASING = YES;
				CLANG_WARN_BOOL_CONVERSION = YES;
				CLANG_WARN_COMMA = YES;
				CLANG_WARN_CONSTANT_CONVERSION = YES;
				CLANG_WARN_DIRECT_OBJC_ISA_USAGE = YES_ERROR;
				CLANG_WARN_DOCUMENTATION_COMMENTS = YES;
				CLANG_WARN_EMPTY_BODY = YES;
				CLANG_WARN_ENUM_CONVERSION = YES;
				CLANG_WARN_INFINITE_RECURSION = YES;
				CLANG_WARN_INT_CONVERSION = YES;
				CLANG_WARN_NON_LITERAL_NULL_CONVERSION = YES;
				CLANG_WARN_OBJC_LITERAL_CONVERSION = YES;
				CLANG_WARN_OBJC_ROOT_CLASS = YES_ERROR;
				CLANG_WARN_RANGE_LOOP_ANALYSIS = YES;
				CLANG_WARN_STRICT_PROTOTYPES = YES;
				CLANG_WARN_SUSPICIOUS_MOVE = YES;
				CLANG_WARN_UNGUARDED_AVAILABILITY = YES_AGGRESSIVE;
				CLANG_WARN_UNREACHABLE_CODE = YES;
				CLANG_WARN__DUPLICATE_METHOD_MATCH = YES;
				CODE_SIGN_IDENTITY = "-";
				COPY_PHASE_STRIP = NO;
				DEBUG_INFORMATION_FORMAT = dwarf;
				ENABLE_STRICT_OBJC_MSGSEND = YES;
				ENABLE_TESTABILITY = YES;
				GCC_C_LANGUAGE_STANDARD = gnu11;
				GCC_DYNAMIC_NO_PIC = NO;
				GCC_NO_COMMON_BLOCKS = YES;
				GCC_OPTIMIZATION_LEVEL = 0;
				GCC_PREPROCESSOR_DEFINITIONS = (
					"DEBUG=1",
					"$(inherited)",
				);
				GCC_WARN_64_TO_32_BIT_CONVERSION = YES;
				GCC_WARN_ABOUT_RETURN_TYPE = YES_ERROR;
				GCC_WARN_UNDECLARED_SELECTOR = YES;
				GCC_WARN_UNINITIALIZED_AUTOS = YES_AGGRESSIVE;
				GCC_WARN_UNUSED_FUNCTION = YES;
				GCC_WARN_UNUSED_VARIABLE = YES;
				MACOSX_DEPLOYMENT_TARGET = 10.12;
				MTL_ENABLE_DEBUG_INFO = YES;
				ONLY_ACTIVE_ARCH = YES;
				SDKROOT = macosx;
			};
			name = Debug;
		};
		271C847C1F87D91D00E3F947 /* Release */ = {
			isa = XCBuildConfiguration;
			buildSettings = {
				ALWAYS_SEARCH_USER_PATHS = NO;
				CLANG_ANALYZER_NONNULL = YES;
				CLANG_ANALYZER_NUMBER_OBJECT_CONVERSION = YES_AGGRESSIVE;
				CLANG_CXX_LANGUAGE_STANDARD = "gnu++14";
				CLANG_CXX_LIBRARY = "libc++";
				CLANG_ENABLE_MODULES = YES;
				CLANG_ENABLE_OBJC_ARC = YES;
				CLANG_WARN_BLOCK_CAPTURE_AUTORELEASING = YES;
				CLANG_WARN_BOOL_CONVERSION = YES;
				CLANG_WARN_COMMA = YES;
				CLANG_WARN_CONSTANT_CONVERSION = YES;
				CLANG_WARN_DIRECT_OBJC_ISA_USAGE = YES_ERROR;
				CLANG_WARN_DOCUMENTATION_COMMENTS = YES;
				CLANG_WARN_EMPTY_BODY = YES;
				CLANG_WARN_ENUM_CONVERSION = YES;
				CLANG_WARN_INFINITE_RECURSION = YES;
				CLANG_WARN_INT_CONVERSION = YES;
				CLANG_WARN_NON_LITERAL_NULL_CONVERSION = YES;
				CLANG_WARN_OBJC_LITERAL_CONVERSION = YES;
				CLANG_WARN_OBJC_ROOT_CLASS = YES_ERROR;
				CLANG_WARN_RANGE_LOOP_ANALYSIS = YES;
				CLANG_WARN_STRICT_PROTOTYPES = YES;
				CLANG_WARN_SUSPICIOUS_MOVE = YES;
				CLANG_WARN_UNGUARDED_AVAILABILITY = YES_AGGRESSIVE;
				CLANG_WARN_UNREACHABLE_CODE = YES;
				CLANG_WARN__DUPLICATE_METHOD_MATCH = YES;
				CODE_SIGN_IDENTITY = "-";
				COPY_PHASE_STRIP = NO;
				DEBUG_INFORMATION_FORMAT = "dwarf-with-dsym";
				ENABLE_NS_ASSERTIONS = NO;
				ENABLE_STRICT_OBJC_MSGSEND = YES;
				GCC_C_LANGUAGE_STANDARD = gnu11;
				GCC_NO_COMMON_BLOCKS = YES;
				GCC_WARN_64_TO_32_BIT_CONVERSION = YES;
				GCC_WARN_ABOUT_RETURN_TYPE = YES_ERROR;
				GCC_WARN_UNDECLARED_SELECTOR = YES;
				GCC_WARN_UNINITIALIZED_AUTOS = YES_AGGRESSIVE;
				GCC_WARN_UNUSED_FUNCTION = YES;
				GCC_WARN_UNUSED_VARIABLE = YES;
				MACOSX_DEPLOYMENT_TARGET = 10.12;
				MTL_ENABLE_DEBUG_INFO = NO;
				SDKROOT = macosx;
			};
			name = Release;
		};
		271C847E1F87D91D00E3F947 /* Debug */ = {
			isa = XCBuildConfiguration;
			buildSettings = {
				CODE_SIGN_STYLE = Automatic;
				HEADER_SEARCH_PATHS = /usr/local/include;
				LIBRARY_SEARCH_PATHS = (
					"$(inherited)",
					/usr/local/Cellar/glew/2.1.0/lib,
					/usr/local/lib,
					/usr/local/Cellar/assimp/4.0.1/lib,
				);
				PRODUCT_NAME = "$(TARGET_NAME)";
			};
			name = Debug;
		};
		271C847F1F87D91D00E3F947 /* Release */ = {
			isa = XCBuildConfiguration;
			buildSettings = {
				CODE_SIGN_STYLE = Automatic;
				HEADER_SEARCH_PATHS = /usr/local/include;
				LIBRARY_SEARCH_PATHS = (
					"$(inherited)",
					/usr/local/Cellar/glew/2.1.0/lib,
					/usr/local/lib,
					/usr/local/Cellar/assimp/4.0.1/lib,
				);
				PRODUCT_NAME = "$(TARGET_NAME)";
			};
			name = Release;
		};
/* End XCBuildConfiguration section */

/* Begin XCConfigurationList section */
		271C84711F87D91C00E3F947 /* Build configuration list for PBXProject "MicroMachinesAVT" */ = {
			isa = XCConfigurationList;
			buildConfigurations = (
				271C847B1F87D91D00E3F947 /* Debug */,
				271C847C1F87D91D00E3F947 /* Release */,
			);
			defaultConfigurationIsVisible = 0;
			defaultConfigurationName = Release;
		};
		271C847D1F87D91D00E3F947 /* Build configuration list for PBXNativeTarget "MicroMachinesAVT" */ = {
			isa = XCConfigurationList;
			buildConfigurations = (
				271C847E1F87D91D00E3F947 /* Debug */,
				271C847F1F87D91D00E3F947 /* Release */,
			);
			defaultConfigurationIsVisible = 0;
			defaultConfigurationName = Release;
		};
/* End XCConfigurationList section */
	};
	rootObject = 271C846E1F87D91C00E3F947 /* Project object */;
}
