// !$*UTF8*$!
{
	archiveVersion = 1;
	classes = {
	};
	objectVersion = 48;
	objects = {

/* Begin PBXBuildFile section */
		270354531FB8ED9600EDC946 /* Cup.cpp in Sources */ = {isa = PBXBuildFile; fileRef = 270354521FB8ED9600EDC946 /* Cup.cpp */; };
		270FB3631FB81E5F00AC7D17 /* Avent.mtl in models */ = {isa = PBXBuildFile; fileRef = 270FB3601FB81E2500AC7D17 /* Avent.mtl */; };
		270FB3641FB81E5F00AC7D17 /* Avent.obj in models */ = {isa = PBXBuildFile; fileRef = 270FB3591FB81E2400AC7D17 /* Avent.obj */; };
		270FB3651FB81E5F00AC7D17 /* interior_lod0.tga in models */ = {isa = PBXBuildFile; fileRef = 270FB35F1FB81E2500AC7D17 /* interior_lod0.tga */; };
		270FB3661FB81E5F00AC7D17 /* Lamborghinilogo.jpg in models */ = {isa = PBXBuildFile; fileRef = 270FB35C1FB81E2500AC7D17 /* Lamborghinilogo.jpg */; };
		270FB3671FB81E5F00AC7D17 /* lights_lod0.tga in models */ = {isa = PBXBuildFile; fileRef = 270FB3611FB81E2500AC7D17 /* lights_lod0.tga */; };
		270FB3681FB81E5F00AC7D17 /* lights.tga in models */ = {isa = PBXBuildFile; fileRef = 270FB35A1FB81E2500AC7D17 /* lights.tga */; };
		270FB3691FB81E5F00AC7D17 /* nodamage_lod0.tga in models */ = {isa = PBXBuildFile; fileRef = 270FB35E1FB81E2500AC7D17 /* nodamage_lod0.tga */; };
		270FB36A1FB81E5F00AC7D17 /* nodamage.tga in models */ = {isa = PBXBuildFile; fileRef = 270FB35D1FB81E2500AC7D17 /* nodamage.tga */; };
		270FB36B1FB81E5F00AC7D17 /* plastic3_nrm.tga in models */ = {isa = PBXBuildFile; fileRef = 270FB35B1FB81E2500AC7D17 /* plastic3_nrm.tga */; };
		2718D4B01FA158D3009211AC /* cooker.tga in textures */ = {isa = PBXBuildFile; fileRef = 2718D4AF1FA158AF009211AC /* cooker.tga */; };
		2718D4B31FA16211009211AC /* floor_diff.tga in textures */ = {isa = PBXBuildFile; fileRef = 2718D4B21FA16204009211AC /* floor_diff.tga */; };
		2718D4B41FA16211009211AC /* floor_disp.tga in textures */ = {isa = PBXBuildFile; fileRef = 2718D4B11FA16204009211AC /* floor_disp.tga */; };
		271C84BA1F87D9BB00E3F947 /* OpenGL.framework in Frameworks */ = {isa = PBXBuildFile; fileRef = 271C84B91F87D9BB00E3F947 /* OpenGL.framework */; };
		271C84BC1F87D9C000E3F947 /* GLUT.framework in Frameworks */ = {isa = PBXBuildFile; fileRef = 271C84BB1F87D9C000E3F947 /* GLUT.framework */; };
		271C84BE1F87D9D600E3F947 /* libGLEW.2.1.0.dylib in Frameworks */ = {isa = PBXBuildFile; fileRef = 271C84BD1F87D9D600E3F947 /* libGLEW.2.1.0.dylib */; };
		272BAA4F1FA1BDEE004AB084 /* libassimp.4.0.1.dylib in Frameworks */ = {isa = PBXBuildFile; fileRef = 272BAA4E1FA1BDEE004AB084 /* libassimp.4.0.1.dylib */; };
		2755C00E1FB9F55200984DFD /* l3dBillboard.cpp in Sources */ = {isa = PBXBuildFile; fileRef = 2755C00C1FB9F55100984DFD /* l3dBillboard.cpp */; };
		2755C0111FB9F70800984DFD /* Celery.cpp in Sources */ = {isa = PBXBuildFile; fileRef = 2755C0101FB9F70800984DFD /* Celery.cpp */; };
		2755C0141FB9F7F300984DFD /* celery.tga in textures */ = {isa = PBXBuildFile; fileRef = 2755C0131FB9F7ED00984DFD /* celery.tga */; };
		27ADF54E1FA14D09002765D2 /* pointlight.vert in shaders */ = {isa = PBXBuildFile; fileRef = 27ADF4F81FA14C88002765D2 /* pointlight.vert */; };
		27ADF54F1FA14D09002765D2 /* pointlight.frag in shaders */ = {isa = PBXBuildFile; fileRef = 27ADF4F91FA14C88002765D2 /* pointlight.frag */; };
		27ADF5501FA14D16002765D2 /* candle.tga in textures */ = {isa = PBXBuildFile; fileRef = 27ADF4EF1FA14C88002765D2 /* candle.tga */; };
		27ADF5511FA14D16002765D2 /* butter.tga in textures */ = {isa = PBXBuildFile; fileRef = 27ADF4F01FA14C88002765D2 /* butter.tga */; };
		27ADF5531FA14D16002765D2 /* wood.tga in textures */ = {isa = PBXBuildFile; fileRef = 27ADF4F21FA14C88002765D2 /* wood.tga */; };
		27ADF5541FA14D16002765D2 /* orange.tga in textures */ = {isa = PBXBuildFile; fileRef = 27ADF4F31FA14C88002765D2 /* orange.tga */; };
		27ADF5551FA14D16002765D2 /* stone.tga in textures */ = {isa = PBXBuildFile; fileRef = 27ADF4F41FA14C88002765D2 /* stone.tga */; };
		27ADF5561FA14D16002765D2 /* cheerio.tga in textures */ = {isa = PBXBuildFile; fileRef = 27ADF4F51FA14C88002765D2 /* cheerio.tga */; };
		27ADF5571FA14D16002765D2 /* lightwood.tga in textures */ = {isa = PBXBuildFile; fileRef = 27ADF4F61FA14C88002765D2 /* lightwood.tga */; };
		27ADF5581FA14D1D002765D2 /* pause.tga in hud */ = {isa = PBXBuildFile; fileRef = 27ADF4FB1FA14C88002765D2 /* pause.tga */; };
		27ADF5591FA14D1D002765D2 /* gameover.tga in hud */ = {isa = PBXBuildFile; fileRef = 27ADF4FC1FA14C88002765D2 /* gameover.tga */; };
		27BF78321FB0D6AC0045EC44 /* vsShaderLib.cpp in Sources */ = {isa = PBXBuildFile; fileRef = 27BF77F71FB0D6A30045EC44 /* vsShaderLib.cpp */; };
		27BF78331FB0D6AC0045EC44 /* OrthogonalCamera.cpp in Sources */ = {isa = PBXBuildFile; fileRef = 27BF77FA1FB0D6A40045EC44 /* OrthogonalCamera.cpp */; };
		27BF78341FB0D6AC0045EC44 /* Entity.cpp in Sources */ = {isa = PBXBuildFile; fileRef = 27BF77FB1FB0D6A40045EC44 /* Entity.cpp */; };
		27BF78351FB0D6AC0045EC44 /* Table.cpp in Sources */ = {isa = PBXBuildFile; fileRef = 27BF77FC1FB0D6A40045EC44 /* Table.cpp */; };
		27BF78361FB0D6AC0045EC44 /* Vector3.cpp in Sources */ = {isa = PBXBuildFile; fileRef = 27BF77FD1FB0D6A40045EC44 /* Vector3.cpp */; };
		27BF78371FB0D6AC0045EC44 /* Life.cpp in Sources */ = {isa = PBXBuildFile; fileRef = 27BF77FE1FB0D6A40045EC44 /* Life.cpp */; };
		27BF78381FB0D6AC0045EC44 /* Pause.cpp in Sources */ = {isa = PBXBuildFile; fileRef = 27BF78031FB0D6A40045EC44 /* Pause.cpp */; };
		27BF78391FB0D6AC0045EC44 /* Spotlight.cpp in Sources */ = {isa = PBXBuildFile; fileRef = 27BF78061FB0D6A50045EC44 /* Spotlight.cpp */; };
		27BF783A1FB0D6AC0045EC44 /* PerspectiveCamera.cpp in Sources */ = {isa = PBXBuildFile; fileRef = 27BF78081FB0D6A50045EC44 /* PerspectiveCamera.cpp */; };
		27BF783B1FB0D6AC0045EC44 /* Object.cpp in Sources */ = {isa = PBXBuildFile; fileRef = 27BF78091FB0D6A50045EC44 /* Object.cpp */; };
		27BF783D1FB0D6AC0045EC44 /* Camera.cpp in Sources */ = {isa = PBXBuildFile; fileRef = 27BF780C1FB0D6A60045EC44 /* Camera.cpp */; };
		27BF783E1FB0D6AC0045EC44 /* TGA.cpp in Sources */ = {isa = PBXBuildFile; fileRef = 27BF780D1FB0D6A60045EC44 /* TGA.cpp */; };
		27BF78401FB0D6AC0045EC44 /* Orange.cpp in Sources */ = {isa = PBXBuildFile; fileRef = 27BF78101FB0D6A60045EC44 /* Orange.cpp */; };
		27BF78411FB0D6AC0045EC44 /* StaticObject.cpp in Sources */ = {isa = PBXBuildFile; fileRef = 27BF78111FB0D6A60045EC44 /* StaticObject.cpp */; };
		27BF78421FB0D6AC0045EC44 /* AVTmathLib.cpp in Sources */ = {isa = PBXBuildFile; fileRef = 27BF78181FB0D6A80045EC44 /* AVTmathLib.cpp */; };
		27BF78431FB0D6AC0045EC44 /* GameOver.cpp in Sources */ = {isa = PBXBuildFile; fileRef = 27BF781A1FB0D6A80045EC44 /* GameOver.cpp */; };
		27BF78441FB0D6AC0045EC44 /* PointLight.cpp in Sources */ = {isa = PBXBuildFile; fileRef = 27BF781C1FB0D6A80045EC44 /* PointLight.cpp */; };
		27BF78451FB0D6AC0045EC44 /* LightSource.cpp in Sources */ = {isa = PBXBuildFile; fileRef = 27BF78201FB0D6A90045EC44 /* LightSource.cpp */; };
		27BF78461FB0D6AC0045EC44 /* main.cpp in Sources */ = {isa = PBXBuildFile; fileRef = 27BF78211FB0D6A90045EC44 /* main.cpp */; };
		27BF78471FB0D6AC0045EC44 /* Car.cpp in Sources */ = {isa = PBXBuildFile; fileRef = 27BF78221FB0D6A90045EC44 /* Car.cpp */; };
		27BF78481FB0D6AC0045EC44 /* DynamicObject.cpp in Sources */ = {isa = PBXBuildFile; fileRef = 27BF78251FB0D6AA0045EC44 /* DynamicObject.cpp */; };
		27BF78491FB0D6AC0045EC44 /* Cheerio.cpp in Sources */ = {isa = PBXBuildFile; fileRef = 27BF78261FB0D6AA0045EC44 /* Cheerio.cpp */; };
		27BF784A1FB0D6AC0045EC44 /* MicroMachines.cpp in Sources */ = {isa = PBXBuildFile; fileRef = 27BF78281FB0D6AA0045EC44 /* MicroMachines.cpp */; settings = {COMPILER_FLAGS = "-Wno-deprected"; }; };
		27BF784B1FB0D6AC0045EC44 /* Candle.cpp in Sources */ = {isa = PBXBuildFile; fileRef = 27BF782A1FB0D6AB0045EC44 /* Candle.cpp */; };
		27BF784C1FB0D6AC0045EC44 /* DirectionalLight.cpp in Sources */ = {isa = PBXBuildFile; fileRef = 27BF782C1FB0D6AB0045EC44 /* DirectionalLight.cpp */; };
		27BF784D1FB0D6AC0045EC44 /* Butter.cpp in Sources */ = {isa = PBXBuildFile; fileRef = 27BF78311FB0D6AC0045EC44 /* Butter.cpp */; };
		27BF784F1FB0D6DB0045EC44 /* libIL.dylib in Frameworks */ = {isa = PBXBuildFile; fileRef = 27BF784E1FB0D6DB0045EC44 /* libIL.dylib */; };
		27D1B7241FB7CEF50082B7F9 /* basic_geometry.cpp in Sources */ = {isa = PBXBuildFile; fileRef = 27D1B7231FB7CEF50082B7F9 /* basic_geometry.cpp */; };
		27D5EB971FA179890015B813 /* life.tga in hud */ = {isa = PBXBuildFile; fileRef = 27D5EB961FA179810015B813 /* life.tga */; };
		D1256A531FBF5E1300FF6C18 /* tex1.tga in textures */ = {isa = PBXBuildFile; fileRef = D1256A511FBF5E0700FF6C18 /* tex1.tga */; };
		D1256A541FBF5E1300FF6C18 /* tex2.tga in textures */ = {isa = PBXBuildFile; fileRef = D1256A521FBF5E0800FF6C18 /* tex2.tga */; };
		D1256A551FBF5E1300FF6C18 /* tex3.tga in textures */ = {isa = PBXBuildFile; fileRef = D1256A4D1FBF5E0600FF6C18 /* tex3.tga */; };
		D1256A561FBF5E1300FF6C18 /* tex4.tga in textures */ = {isa = PBXBuildFile; fileRef = D1256A4E1FBF5E0700FF6C18 /* tex4.tga */; };
		D1256A571FBF5E1300FF6C18 /* tex5.tga in textures */ = {isa = PBXBuildFile; fileRef = D1256A4C1FBF5E0600FF6C18 /* tex5.tga */; };
		D1256A581FBF5E1300FF6C18 /* tex6.tga in textures */ = {isa = PBXBuildFile; fileRef = D1256A4B1FBF5E0600FF6C18 /* tex6.tga */; };
		D1256A591FBF5E1300FF6C18 /* tex7.tga in textures */ = {isa = PBXBuildFile; fileRef = D1256A4F1FBF5E0700FF6C18 /* tex7.tga */; };
		D1256A5A1FBF5E1300FF6C18 /* tex9.tga in textures */ = {isa = PBXBuildFile; fileRef = D1256A501FBF5E0700FF6C18 /* tex9.tga */; };
		D16A9E401FBA164700E890ED /* Coffe cup.mtl in models */ = {isa = PBXBuildFile; fileRef = D16A9E3F1FBA162300E890ED /* Coffe cup.mtl */; };
		D16A9E411FBA164700E890ED /* Coffe cup.obj in models */ = {isa = PBXBuildFile; fileRef = D16A9E3E1FBA162300E890ED /* Coffe cup.obj */; };
		D181FBCC1FBCAD6D00E3A500 /* flare3.tga in textures */ = {isa = PBXBuildFile; fileRef = D181FBCA1FBCAD6100E3A500 /* flare3.tga */; };
		D181FBCD1FBCAD6D00E3A500 /* sun.tga in textures */ = {isa = PBXBuildFile; fileRef = D181FBCB1FBCAD6200E3A500 /* sun.tga */; };
		D19136351FBB362A0093366E /* billboard.frag in shaders */ = {isa = PBXBuildFile; fileRef = D19136341FBB36190093366E /* billboard.frag */; };
		D19136361FBB362A0093366E /* billboard.vert in shaders */ = {isa = PBXBuildFile; fileRef = D19136331FBB36180093366E /* billboard.vert */; };
		D19136381FBB36820093366E /* particula.bmp in textures */ = {isa = PBXBuildFile; fileRef = D19136371FBB36760093366E /* particula.bmp */; };
		D191363B1FBB385E0093366E /* LensFlare.cpp in Sources */ = {isa = PBXBuildFile; fileRef = D19136391FBB385E0093366E /* LensFlare.cpp */; };
/* End PBXBuildFile section */

/* Begin PBXCopyFilesBuildPhase section */
		270FB3621FB81E4200AC7D17 /* models */ = {
			isa = PBXCopyFilesBuildPhase;
			buildActionMask = 2147483647;
			dstPath = data/models;
			dstSubfolderSpec = 16;
			files = (
				D16A9E401FBA164700E890ED /* Coffe cup.mtl in models */,
				D16A9E411FBA164700E890ED /* Coffe cup.obj in models */,
				270FB3631FB81E5F00AC7D17 /* Avent.mtl in models */,
				270FB3641FB81E5F00AC7D17 /* Avent.obj in models */,
				270FB3651FB81E5F00AC7D17 /* interior_lod0.tga in models */,
				270FB3661FB81E5F00AC7D17 /* Lamborghinilogo.jpg in models */,
				270FB3671FB81E5F00AC7D17 /* lights_lod0.tga in models */,
				270FB3681FB81E5F00AC7D17 /* lights.tga in models */,
				270FB3691FB81E5F00AC7D17 /* nodamage_lod0.tga in models */,
				270FB36A1FB81E5F00AC7D17 /* nodamage.tga in models */,
				270FB36B1FB81E5F00AC7D17 /* plastic3_nrm.tga in models */,
			);
			name = models;
			runOnlyForDeploymentPostprocessing = 0;
		};
		271C84741F87D91C00E3F947 /* shaders */ = {
			isa = PBXCopyFilesBuildPhase;
			buildActionMask = 12;
			dstPath = data/shaders;
			dstSubfolderSpec = 16;
			files = (
				D19136351FBB362A0093366E /* billboard.frag in shaders */,
				D19136361FBB362A0093366E /* billboard.vert in shaders */,
				27ADF54E1FA14D09002765D2 /* pointlight.vert in shaders */,
				27ADF54F1FA14D09002765D2 /* pointlight.frag in shaders */,
			);
			name = shaders;
			runOnlyForDeploymentPostprocessing = 0;
		};
		275307C61F9E2BE000843A2A /* hud */ = {
			isa = PBXCopyFilesBuildPhase;
			buildActionMask = 12;
			dstPath = data/hud;
			dstSubfolderSpec = 16;
			files = (
				27D5EB971FA179890015B813 /* life.tga in hud */,
				27ADF5581FA14D1D002765D2 /* pause.tga in hud */,
				27ADF5591FA14D1D002765D2 /* gameover.tga in hud */,
			);
			name = hud;
			runOnlyForDeploymentPostprocessing = 0;
		};
		27D2E6701F991BBB0076D8FF /* textures */ = {
			isa = PBXCopyFilesBuildPhase;
			buildActionMask = 12;
			dstPath = data/textures;
			dstSubfolderSpec = 16;
			files = (
				D1256A531FBF5E1300FF6C18 /* tex1.tga in textures */,
				D1256A541FBF5E1300FF6C18 /* tex2.tga in textures */,
				D1256A551FBF5E1300FF6C18 /* tex3.tga in textures */,
				D1256A561FBF5E1300FF6C18 /* tex4.tga in textures */,
				D1256A571FBF5E1300FF6C18 /* tex5.tga in textures */,
				D1256A581FBF5E1300FF6C18 /* tex6.tga in textures */,
				D1256A591FBF5E1300FF6C18 /* tex7.tga in textures */,
				D1256A5A1FBF5E1300FF6C18 /* tex9.tga in textures */,
				D181FBCC1FBCAD6D00E3A500 /* flare3.tga in textures */,
				D181FBCD1FBCAD6D00E3A500 /* sun.tga in textures */,
				D19136381FBB36820093366E /* particula.bmp in textures */,
				2755C0141FB9F7F300984DFD /* celery.tga in textures */,
				2718D4B31FA16211009211AC /* floor_diff.tga in textures */,
				2718D4B41FA16211009211AC /* floor_disp.tga in textures */,
				2718D4B01FA158D3009211AC /* cooker.tga in textures */,
				27ADF5501FA14D16002765D2 /* candle.tga in textures */,
				27ADF5511FA14D16002765D2 /* butter.tga in textures */,
				27ADF5531FA14D16002765D2 /* wood.tga in textures */,
				27ADF5541FA14D16002765D2 /* orange.tga in textures */,
				27ADF5551FA14D16002765D2 /* stone.tga in textures */,
				27ADF5561FA14D16002765D2 /* cheerio.tga in textures */,
				27ADF5571FA14D16002765D2 /* lightwood.tga in textures */,
			);
			name = textures;
			runOnlyForDeploymentPostprocessing = 0;
		};
/* End PBXCopyFilesBuildPhase section */

/* Begin PBXFileReference section */
		270354521FB8ED9600EDC946 /* Cup.cpp */ = {isa = PBXFileReference; lastKnownFileType = sourcecode.cpp.cpp; path = Cup.cpp; sourceTree = "<group>"; };
		270354541FB8EDA300EDC946 /* Cup.h */ = {isa = PBXFileReference; lastKnownFileType = sourcecode.c.h; path = Cup.h; sourceTree = "<group>"; };
		270FB3591FB81E2400AC7D17 /* Avent.obj */ = {isa = PBXFileReference; fileEncoding = 4; lastKnownFileType = text; path = Avent.obj; sourceTree = "<group>"; };
		270FB35A1FB81E2500AC7D17 /* lights.tga */ = {isa = PBXFileReference; lastKnownFileType = file; path = lights.tga; sourceTree = "<group>"; };
		270FB35B1FB81E2500AC7D17 /* plastic3_nrm.tga */ = {isa = PBXFileReference; lastKnownFileType = file; path = plastic3_nrm.tga; sourceTree = "<group>"; };
		270FB35C1FB81E2500AC7D17 /* Lamborghinilogo.jpg */ = {isa = PBXFileReference; lastKnownFileType = image.jpeg; path = Lamborghinilogo.jpg; sourceTree = "<group>"; };
		270FB35D1FB81E2500AC7D17 /* nodamage.tga */ = {isa = PBXFileReference; lastKnownFileType = file; path = nodamage.tga; sourceTree = "<group>"; };
		270FB35E1FB81E2500AC7D17 /* nodamage_lod0.tga */ = {isa = PBXFileReference; lastKnownFileType = file; path = nodamage_lod0.tga; sourceTree = "<group>"; };
		270FB35F1FB81E2500AC7D17 /* interior_lod0.tga */ = {isa = PBXFileReference; lastKnownFileType = file; path = interior_lod0.tga; sourceTree = "<group>"; };
		270FB3601FB81E2500AC7D17 /* Avent.mtl */ = {isa = PBXFileReference; fileEncoding = 4; lastKnownFileType = text; path = Avent.mtl; sourceTree = "<group>"; };
		270FB3611FB81E2500AC7D17 /* lights_lod0.tga */ = {isa = PBXFileReference; lastKnownFileType = file; path = lights_lod0.tga; sourceTree = "<group>"; };
		2718D4AF1FA158AF009211AC /* cooker.tga */ = {isa = PBXFileReference; lastKnownFileType = file; path = cooker.tga; sourceTree = "<group>"; };
		2718D4B11FA16204009211AC /* floor_disp.tga */ = {isa = PBXFileReference; lastKnownFileType = file; path = floor_disp.tga; sourceTree = "<group>"; };
		2718D4B21FA16204009211AC /* floor_diff.tga */ = {isa = PBXFileReference; lastKnownFileType = file; path = floor_diff.tga; sourceTree = "<group>"; };
		271C84761F87D91C00E3F947 /* MicroMachinesAVT */ = {isa = PBXFileReference; explicitFileType = "compiled.mach-o.executable"; includeInIndex = 0; path = MicroMachinesAVT; sourceTree = BUILT_PRODUCTS_DIR; };
		271C84B91F87D9BB00E3F947 /* OpenGL.framework */ = {isa = PBXFileReference; lastKnownFileType = wrapper.framework; name = OpenGL.framework; path = System/Library/Frameworks/OpenGL.framework; sourceTree = SDKROOT; };
		271C84BB1F87D9C000E3F947 /* GLUT.framework */ = {isa = PBXFileReference; lastKnownFileType = wrapper.framework; name = GLUT.framework; path = System/Library/Frameworks/GLUT.framework; sourceTree = SDKROOT; };
		271C84BD1F87D9D600E3F947 /* libGLEW.2.1.0.dylib */ = {isa = PBXFileReference; lastKnownFileType = "compiled.mach-o.dylib"; name = libGLEW.2.1.0.dylib; path = ../../../../usr/local/Cellar/glew/2.1.0/lib/libGLEW.2.1.0.dylib; sourceTree = "<group>"; };
		272BAA4E1FA1BDEE004AB084 /* libassimp.4.0.1.dylib */ = {isa = PBXFileReference; lastKnownFileType = "compiled.mach-o.dylib"; name = libassimp.4.0.1.dylib; path = ../../../../usr/local/Cellar/assimp/4.0.1/lib/libassimp.4.0.1.dylib; sourceTree = "<group>"; };
		2755C00C1FB9F55100984DFD /* l3dBillboard.cpp */ = {isa = PBXFileReference; fileEncoding = 4; lastKnownFileType = sourcecode.cpp.cpp; path = l3dBillboard.cpp; sourceTree = "<group>"; };
		2755C00D1FB9F55200984DFD /* l3DBillboard.h */ = {isa = PBXFileReference; fileEncoding = 4; lastKnownFileType = sourcecode.c.h; path = l3DBillboard.h; sourceTree = "<group>"; };
		2755C00F1FB9F59B00984DFD /* maths.h */ = {isa = PBXFileReference; fileEncoding = 4; lastKnownFileType = sourcecode.c.h; path = maths.h; sourceTree = "<group>"; };
		2755C0101FB9F70800984DFD /* Celery.cpp */ = {isa = PBXFileReference; lastKnownFileType = sourcecode.cpp.cpp; path = Celery.cpp; sourceTree = "<group>"; };
		2755C0121FB9F71500984DFD /* Celery.h */ = {isa = PBXFileReference; lastKnownFileType = sourcecode.c.h; path = Celery.h; sourceTree = "<group>"; };
		2755C0131FB9F7ED00984DFD /* celery.tga */ = {isa = PBXFileReference; lastKnownFileType = file; path = celery.tga; sourceTree = "<group>"; };
		27ADF4EF1FA14C88002765D2 /* candle.tga */ = {isa = PBXFileReference; lastKnownFileType = file; path = candle.tga; sourceTree = "<group>"; };
		27ADF4F01FA14C88002765D2 /* butter.tga */ = {isa = PBXFileReference; lastKnownFileType = file; path = butter.tga; sourceTree = "<group>"; };
		27ADF4F21FA14C88002765D2 /* wood.tga */ = {isa = PBXFileReference; lastKnownFileType = file; path = wood.tga; sourceTree = "<group>"; };
		27ADF4F31FA14C88002765D2 /* orange.tga */ = {isa = PBXFileReference; lastKnownFileType = file; path = orange.tga; sourceTree = "<group>"; };
		27ADF4F41FA14C88002765D2 /* stone.tga */ = {isa = PBXFileReference; lastKnownFileType = file; path = stone.tga; sourceTree = "<group>"; };
		27ADF4F51FA14C88002765D2 /* cheerio.tga */ = {isa = PBXFileReference; lastKnownFileType = file; path = cheerio.tga; sourceTree = "<group>"; };
		27ADF4F61FA14C88002765D2 /* lightwood.tga */ = {isa = PBXFileReference; lastKnownFileType = file; path = lightwood.tga; sourceTree = "<group>"; };
		27ADF4F81FA14C88002765D2 /* pointlight.vert */ = {isa = PBXFileReference; fileEncoding = 4; lastKnownFileType = sourcecode.glsl; path = pointlight.vert; sourceTree = "<group>"; };
		27ADF4F91FA14C88002765D2 /* pointlight.frag */ = {isa = PBXFileReference; fileEncoding = 4; lastKnownFileType = sourcecode.glsl; path = pointlight.frag; sourceTree = "<group>"; };
		27ADF4FB1FA14C88002765D2 /* pause.tga */ = {isa = PBXFileReference; lastKnownFileType = file; path = pause.tga; sourceTree = "<group>"; };
		27ADF4FC1FA14C88002765D2 /* gameover.tga */ = {isa = PBXFileReference; lastKnownFileType = file; path = gameover.tga; sourceTree = "<group>"; };
		27BF77F71FB0D6A30045EC44 /* vsShaderLib.cpp */ = {isa = PBXFileReference; fileEncoding = 4; lastKnownFileType = sourcecode.cpp.cpp; path = vsShaderLib.cpp; sourceTree = "<group>"; };
		27BF77F81FB0D6A30045EC44 /* PointLight.h */ = {isa = PBXFileReference; fileEncoding = 4; lastKnownFileType = sourcecode.c.h; path = PointLight.h; sourceTree = "<group>"; };
		27BF77F91FB0D6A30045EC44 /* README.md */ = {isa = PBXFileReference; fileEncoding = 4; lastKnownFileType = net.daringfireball.markdown; path = README.md; sourceTree = "<group>"; };
		27BF77FA1FB0D6A40045EC44 /* OrthogonalCamera.cpp */ = {isa = PBXFileReference; fileEncoding = 4; lastKnownFileType = sourcecode.cpp.cpp; path = OrthogonalCamera.cpp; sourceTree = "<group>"; };
		27BF77FB1FB0D6A40045EC44 /* Entity.cpp */ = {isa = PBXFileReference; fileEncoding = 4; lastKnownFileType = sourcecode.cpp.cpp; path = Entity.cpp; sourceTree = "<group>"; };
		27BF77FC1FB0D6A40045EC44 /* Table.cpp */ = {isa = PBXFileReference; fileEncoding = 4; lastKnownFileType = sourcecode.cpp.cpp; path = Table.cpp; sourceTree = "<group>"; };
		27BF77FD1FB0D6A40045EC44 /* Vector3.cpp */ = {isa = PBXFileReference; fileEncoding = 4; lastKnownFileType = sourcecode.cpp.cpp; path = Vector3.cpp; sourceTree = "<group>"; };
		27BF77FE1FB0D6A40045EC44 /* Life.cpp */ = {isa = PBXFileReference; fileEncoding = 4; lastKnownFileType = sourcecode.cpp.cpp; path = Life.cpp; sourceTree = "<group>"; };
		27BF77FF1FB0D6A40045EC44 /* Orange.h */ = {isa = PBXFileReference; fileEncoding = 4; lastKnownFileType = sourcecode.c.h; path = Orange.h; sourceTree = "<group>"; };
		27BF78011FB0D6A40045EC44 /* DirectionalLight.h */ = {isa = PBXFileReference; fileEncoding = 4; lastKnownFileType = sourcecode.c.h; path = DirectionalLight.h; sourceTree = "<group>"; };
		27BF78021FB0D6A40045EC44 /* TGA.h */ = {isa = PBXFileReference; fileEncoding = 4; lastKnownFileType = sourcecode.c.h; path = TGA.h; sourceTree = "<group>"; };
		27BF78031FB0D6A40045EC44 /* Pause.cpp */ = {isa = PBXFileReference; fileEncoding = 4; lastKnownFileType = sourcecode.cpp.cpp; path = Pause.cpp; sourceTree = "<group>"; };
		27BF78041FB0D6A50045EC44 /* Init.h */ = {isa = PBXFileReference; fileEncoding = 4; lastKnownFileType = sourcecode.c.h; path = Init.h; sourceTree = "<group>"; };
		27BF78051FB0D6A50045EC44 /* StaticObject.h */ = {isa = PBXFileReference; fileEncoding = 4; lastKnownFileType = sourcecode.c.h; path = StaticObject.h; sourceTree = "<group>"; };
		27BF78061FB0D6A50045EC44 /* Spotlight.cpp */ = {isa = PBXFileReference; fileEncoding = 4; lastKnownFileType = sourcecode.cpp.cpp; path = Spotlight.cpp; sourceTree = "<group>"; };
		27BF78071FB0D6A50045EC44 /* DynamicObject.h */ = {isa = PBXFileReference; fileEncoding = 4; lastKnownFileType = sourcecode.c.h; path = DynamicObject.h; sourceTree = "<group>"; };
		27BF78081FB0D6A50045EC44 /* PerspectiveCamera.cpp */ = {isa = PBXFileReference; fileEncoding = 4; lastKnownFileType = sourcecode.cpp.cpp; path = PerspectiveCamera.cpp; sourceTree = "<group>"; };
		27BF78091FB0D6A50045EC44 /* Object.cpp */ = {isa = PBXFileReference; fileEncoding = 4; lastKnownFileType = sourcecode.cpp.cpp; path = Object.cpp; sourceTree = "<group>"; };
		27BF780B1FB0D6A50045EC44 /* Life.h */ = {isa = PBXFileReference; fileEncoding = 4; lastKnownFileType = sourcecode.c.h; path = Life.h; sourceTree = "<group>"; };
		27BF780C1FB0D6A60045EC44 /* Camera.cpp */ = {isa = PBXFileReference; fileEncoding = 4; lastKnownFileType = sourcecode.cpp.cpp; path = Camera.cpp; sourceTree = "<group>"; };
		27BF780D1FB0D6A60045EC44 /* TGA.cpp */ = {isa = PBXFileReference; fileEncoding = 4; lastKnownFileType = sourcecode.cpp.cpp; path = TGA.cpp; sourceTree = "<group>"; };
		27BF780F1FB0D6A60045EC44 /* Car.h */ = {isa = PBXFileReference; fileEncoding = 4; lastKnownFileType = sourcecode.c.h; path = Car.h; sourceTree = "<group>"; };
		27BF78101FB0D6A60045EC44 /* Orange.cpp */ = {isa = PBXFileReference; fileEncoding = 4; lastKnownFileType = sourcecode.cpp.cpp; path = Orange.cpp; sourceTree = "<group>"; };
		27BF78111FB0D6A60045EC44 /* StaticObject.cpp */ = {isa = PBXFileReference; fileEncoding = 4; lastKnownFileType = sourcecode.cpp.cpp; path = StaticObject.cpp; sourceTree = "<group>"; };
		27BF78121FB0D6A70045EC44 /* cube.h */ = {isa = PBXFileReference; fileEncoding = 4; lastKnownFileType = sourcecode.c.h; path = cube.h; sourceTree = "<group>"; };
		27BF78131FB0D6A70045EC44 /* Butter.h */ = {isa = PBXFileReference; fileEncoding = 4; lastKnownFileType = sourcecode.c.h; path = Butter.h; sourceTree = "<group>"; };
		27BF78141FB0D6A70045EC44 /* GameOver.h */ = {isa = PBXFileReference; fileEncoding = 4; lastKnownFileType = sourcecode.c.h; path = GameOver.h; sourceTree = "<group>"; };
		27BF78151FB0D6A70045EC44 /* OrthogonalCamera.h */ = {isa = PBXFileReference; fileEncoding = 4; lastKnownFileType = sourcecode.c.h; path = OrthogonalCamera.h; sourceTree = "<group>"; };
		27BF78161FB0D6A70045EC44 /* PerspectiveCamera.h */ = {isa = PBXFileReference; fileEncoding = 4; lastKnownFileType = sourcecode.c.h; path = PerspectiveCamera.h; sourceTree = "<group>"; };
		27BF78171FB0D6A70045EC44 /* Object.h */ = {isa = PBXFileReference; fileEncoding = 4; lastKnownFileType = sourcecode.c.h; path = Object.h; sourceTree = "<group>"; };
		27BF78181FB0D6A80045EC44 /* AVTmathLib.cpp */ = {isa = PBXFileReference; fileEncoding = 4; lastKnownFileType = sourcecode.cpp.cpp; path = AVTmathLib.cpp; sourceTree = "<group>"; };
		27BF78191FB0D6A80045EC44 /* LightSource.h */ = {isa = PBXFileReference; fileEncoding = 4; lastKnownFileType = sourcecode.c.h; path = LightSource.h; sourceTree = "<group>"; };
		27BF781A1FB0D6A80045EC44 /* GameOver.cpp */ = {isa = PBXFileReference; fileEncoding = 4; lastKnownFileType = sourcecode.cpp.cpp; path = GameOver.cpp; sourceTree = "<group>"; };
		27BF781B1FB0D6A80045EC44 /* MicroMachines.h */ = {isa = PBXFileReference; fileEncoding = 4; lastKnownFileType = sourcecode.c.h; path = MicroMachines.h; sourceTree = "<group>"; };
		27BF781C1FB0D6A80045EC44 /* PointLight.cpp */ = {isa = PBXFileReference; fileEncoding = 4; lastKnownFileType = sourcecode.cpp.cpp; path = PointLight.cpp; sourceTree = "<group>"; };
		27BF781D1FB0D6A80045EC44 /* VertexAttrDef.h */ = {isa = PBXFileReference; fileEncoding = 4; lastKnownFileType = sourcecode.c.h; path = VertexAttrDef.h; sourceTree = "<group>"; };
		27BF781E1FB0D6A90045EC44 /* Cheerio.h */ = {isa = PBXFileReference; fileEncoding = 4; lastKnownFileType = sourcecode.c.h; path = Cheerio.h; sourceTree = "<group>"; };
		27BF781F1FB0D6A90045EC44 /* AVTmathLib.h */ = {isa = PBXFileReference; fileEncoding = 4; lastKnownFileType = sourcecode.c.h; path = AVTmathLib.h; sourceTree = "<group>"; };
		27BF78201FB0D6A90045EC44 /* LightSource.cpp */ = {isa = PBXFileReference; fileEncoding = 4; lastKnownFileType = sourcecode.cpp.cpp; path = LightSource.cpp; sourceTree = "<group>"; };
		27BF78211FB0D6A90045EC44 /* main.cpp */ = {isa = PBXFileReference; fileEncoding = 4; lastKnownFileType = sourcecode.cpp.cpp; path = main.cpp; sourceTree = "<group>"; };
		27BF78221FB0D6A90045EC44 /* Car.cpp */ = {isa = PBXFileReference; fileEncoding = 4; lastKnownFileType = sourcecode.cpp.cpp; path = Car.cpp; sourceTree = "<group>"; };
		27BF78241FB0D6AA0045EC44 /* Vector3.h */ = {isa = PBXFileReference; fileEncoding = 4; lastKnownFileType = sourcecode.c.h; path = Vector3.h; sourceTree = "<group>"; };
		27BF78251FB0D6AA0045EC44 /* DynamicObject.cpp */ = {isa = PBXFileReference; fileEncoding = 4; lastKnownFileType = sourcecode.cpp.cpp; path = DynamicObject.cpp; sourceTree = "<group>"; };
		27BF78261FB0D6AA0045EC44 /* Cheerio.cpp */ = {isa = PBXFileReference; fileEncoding = 4; lastKnownFileType = sourcecode.cpp.cpp; path = Cheerio.cpp; sourceTree = "<group>"; };
		27BF78271FB0D6AA0045EC44 /* vsShaderLib.h */ = {isa = PBXFileReference; fileEncoding = 4; lastKnownFileType = sourcecode.c.h; path = vsShaderLib.h; sourceTree = "<group>"; };
		27BF78281FB0D6AA0045EC44 /* MicroMachines.cpp */ = {isa = PBXFileReference; fileEncoding = 4; lastKnownFileType = sourcecode.cpp.cpp; path = MicroMachines.cpp; sourceTree = "<group>"; };
		27BF78291FB0D6AB0045EC44 /* Entity.h */ = {isa = PBXFileReference; fileEncoding = 4; lastKnownFileType = sourcecode.c.h; path = Entity.h; sourceTree = "<group>"; };
		27BF782A1FB0D6AB0045EC44 /* Candle.cpp */ = {isa = PBXFileReference; fileEncoding = 4; lastKnownFileType = sourcecode.cpp.cpp; path = Candle.cpp; sourceTree = "<group>"; };
		27BF782B1FB0D6AB0045EC44 /* Camera.h */ = {isa = PBXFileReference; fileEncoding = 4; lastKnownFileType = sourcecode.c.h; path = Camera.h; sourceTree = "<group>"; };
		27BF782C1FB0D6AB0045EC44 /* DirectionalLight.cpp */ = {isa = PBXFileReference; fileEncoding = 4; lastKnownFileType = sourcecode.cpp.cpp; path = DirectionalLight.cpp; sourceTree = "<group>"; };
		27BF782D1FB0D6AB0045EC44 /* Candle.h */ = {isa = PBXFileReference; fileEncoding = 4; lastKnownFileType = sourcecode.c.h; path = Candle.h; sourceTree = "<group>"; };
		27BF782E1FB0D6AB0045EC44 /* Pause.h */ = {isa = PBXFileReference; fileEncoding = 4; lastKnownFileType = sourcecode.c.h; path = Pause.h; sourceTree = "<group>"; };
		27BF782F1FB0D6AC0045EC44 /* Spotlight.h */ = {isa = PBXFileReference; fileEncoding = 4; lastKnownFileType = sourcecode.c.h; path = Spotlight.h; sourceTree = "<group>"; };
		27BF78301FB0D6AC0045EC44 /* Table.h */ = {isa = PBXFileReference; fileEncoding = 4; lastKnownFileType = sourcecode.c.h; path = Table.h; sourceTree = "<group>"; };
		27BF78311FB0D6AC0045EC44 /* Butter.cpp */ = {isa = PBXFileReference; fileEncoding = 4; lastKnownFileType = sourcecode.cpp.cpp; path = Butter.cpp; sourceTree = "<group>"; };
		27BF784E1FB0D6DB0045EC44 /* libIL.dylib */ = {isa = PBXFileReference; lastKnownFileType = "compiled.mach-o.dylib"; name = libIL.dylib; path = ../../../../usr/local/Cellar/devil/1.8.0_1/lib/libIL.dylib; sourceTree = "<group>"; };
		27D1B7221FB7CEF40082B7F9 /* basic_geometry.h */ = {isa = PBXFileReference; fileEncoding = 4; lastKnownFileType = sourcecode.c.h; path = basic_geometry.h; sourceTree = "<group>"; };
		27D1B7231FB7CEF50082B7F9 /* basic_geometry.cpp */ = {isa = PBXFileReference; fileEncoding = 4; lastKnownFileType = sourcecode.cpp.cpp; path = basic_geometry.cpp; sourceTree = "<group>"; };
		27D5EB961FA179810015B813 /* life.tga */ = {isa = PBXFileReference; lastKnownFileType = file; path = life.tga; sourceTree = "<group>"; };
		D1256A4B1FBF5E0600FF6C18 /* tex6.tga */ = {isa = PBXFileReference; lastKnownFileType = file; path = tex6.tga; sourceTree = "<group>"; };
		D1256A4C1FBF5E0600FF6C18 /* tex5.tga */ = {isa = PBXFileReference; lastKnownFileType = file; path = tex5.tga; sourceTree = "<group>"; };
		D1256A4D1FBF5E0600FF6C18 /* tex3.tga */ = {isa = PBXFileReference; lastKnownFileType = file; path = tex3.tga; sourceTree = "<group>"; };
		D1256A4E1FBF5E0700FF6C18 /* tex4.tga */ = {isa = PBXFileReference; lastKnownFileType = file; path = tex4.tga; sourceTree = "<group>"; };
		D1256A4F1FBF5E0700FF6C18 /* tex7.tga */ = {isa = PBXFileReference; lastKnownFileType = file; path = tex7.tga; sourceTree = "<group>"; };
		D1256A501FBF5E0700FF6C18 /* tex9.tga */ = {isa = PBXFileReference; lastKnownFileType = file; path = tex9.tga; sourceTree = "<group>"; };
		D1256A511FBF5E0700FF6C18 /* tex1.tga */ = {isa = PBXFileReference; lastKnownFileType = file; path = tex1.tga; sourceTree = "<group>"; };
		D1256A521FBF5E0800FF6C18 /* tex2.tga */ = {isa = PBXFileReference; lastKnownFileType = file; path = tex2.tga; sourceTree = "<group>"; };
		D16A9E3E1FBA162300E890ED /* Coffe cup.obj */ = {isa = PBXFileReference; fileEncoding = 4; lastKnownFileType = text; path = "Coffe cup.obj"; sourceTree = "<group>"; };
		D16A9E3F1FBA162300E890ED /* Coffe cup.mtl */ = {isa = PBXFileReference; fileEncoding = 4; lastKnownFileType = text; path = "Coffe cup.mtl"; sourceTree = "<group>"; };
		D181FBCA1FBCAD6100E3A500 /* flare3.tga */ = {isa = PBXFileReference; lastKnownFileType = file; path = flare3.tga; sourceTree = "<group>"; };
		D181FBCB1FBCAD6200E3A500 /* sun.tga */ = {isa = PBXFileReference; lastKnownFileType = file; path = sun.tga; sourceTree = "<group>"; };
		D19136331FBB36180093366E /* billboard.vert */ = {isa = PBXFileReference; fileEncoding = 4; lastKnownFileType = sourcecode.glsl; name = billboard.vert; path = ../../../../../Downloads/snow_fireworks/shaders/billboard.vert; sourceTree = "<group>"; };
		D19136341FBB36190093366E /* billboard.frag */ = {isa = PBXFileReference; fileEncoding = 4; lastKnownFileType = sourcecode.glsl; name = billboard.frag; path = ../../../../../Downloads/snow_fireworks/shaders/billboard.frag; sourceTree = "<group>"; };
		D19136371FBB36760093366E /* particula.bmp */ = {isa = PBXFileReference; lastKnownFileType = image.bmp; path = particula.bmp; sourceTree = "<group>"; };
		D19136391FBB385E0093366E /* LensFlare.cpp */ = {isa = PBXFileReference; lastKnownFileType = sourcecode.cpp.cpp; path = LensFlare.cpp; sourceTree = "<group>"; };
		D191363A1FBB385E0093366E /* LensFlare.h */ = {isa = PBXFileReference; lastKnownFileType = sourcecode.c.h; path = LensFlare.h; sourceTree = "<group>"; };
/* End PBXFileReference section */

/* Begin PBXFrameworksBuildPhase section */
		271C84731F87D91C00E3F947 /* Frameworks */ = {
			isa = PBXFrameworksBuildPhase;
			buildActionMask = 2147483647;
			files = (
				27BF784F1FB0D6DB0045EC44 /* libIL.dylib in Frameworks */,
				272BAA4F1FA1BDEE004AB084 /* libassimp.4.0.1.dylib in Frameworks */,
				271C84BE1F87D9D600E3F947 /* libGLEW.2.1.0.dylib in Frameworks */,
				271C84BC1F87D9C000E3F947 /* GLUT.framework in Frameworks */,
				271C84BA1F87D9BB00E3F947 /* OpenGL.framework in Frameworks */,
			);
			runOnlyForDeploymentPostprocessing = 0;
		};
/* End PBXFrameworksBuildPhase section */

/* Begin PBXGroup section */
		271C846D1F87D91C00E3F947 = {
			isa = PBXGroup;
			children = (
				D19136391FBB385E0093366E /* LensFlare.cpp */,
				D191363A1FBB385E0093366E /* LensFlare.h */,
				2755C0101FB9F70800984DFD /* Celery.cpp */,
				2755C0121FB9F71500984DFD /* Celery.h */,
				2755C00F1FB9F59B00984DFD /* maths.h */,
				2755C00C1FB9F55100984DFD /* l3dBillboard.cpp */,
				2755C00D1FB9F55200984DFD /* l3DBillboard.h */,
				270354521FB8ED9600EDC946 /* Cup.cpp */,
				270354541FB8EDA300EDC946 /* Cup.h */,
				27D1B7231FB7CEF50082B7F9 /* basic_geometry.cpp */,
				27D1B7221FB7CEF40082B7F9 /* basic_geometry.h */,
				27BF78181FB0D6A80045EC44 /* AVTmathLib.cpp */,
				27BF781F1FB0D6A90045EC44 /* AVTmathLib.h */,
				27BF78311FB0D6AC0045EC44 /* Butter.cpp */,
				27BF78131FB0D6A70045EC44 /* Butter.h */,
				27BF780C1FB0D6A60045EC44 /* Camera.cpp */,
				27BF782B1FB0D6AB0045EC44 /* Camera.h */,
				27BF782A1FB0D6AB0045EC44 /* Candle.cpp */,
				27BF782D1FB0D6AB0045EC44 /* Candle.h */,
				27BF78221FB0D6A90045EC44 /* Car.cpp */,
				27BF780F1FB0D6A60045EC44 /* Car.h */,
				27BF78261FB0D6AA0045EC44 /* Cheerio.cpp */,
				27BF781E1FB0D6A90045EC44 /* Cheerio.h */,
				27BF78121FB0D6A70045EC44 /* cube.h */,
				27BF782C1FB0D6AB0045EC44 /* DirectionalLight.cpp */,
				27BF78011FB0D6A40045EC44 /* DirectionalLight.h */,
				27BF78251FB0D6AA0045EC44 /* DynamicObject.cpp */,
				27BF78071FB0D6A50045EC44 /* DynamicObject.h */,
				27BF77FB1FB0D6A40045EC44 /* Entity.cpp */,
				27BF78291FB0D6AB0045EC44 /* Entity.h */,
				27BF781A1FB0D6A80045EC44 /* GameOver.cpp */,
				27BF78141FB0D6A70045EC44 /* GameOver.h */,
				27BF78041FB0D6A50045EC44 /* Init.h */,
				27BF77FE1FB0D6A40045EC44 /* Life.cpp */,
				27BF780B1FB0D6A50045EC44 /* Life.h */,
				27BF78201FB0D6A90045EC44 /* LightSource.cpp */,
				27BF78191FB0D6A80045EC44 /* LightSource.h */,
				27BF78211FB0D6A90045EC44 /* main.cpp */,
				27BF78281FB0D6AA0045EC44 /* MicroMachines.cpp */,
				27BF781B1FB0D6A80045EC44 /* MicroMachines.h */,
				27BF78091FB0D6A50045EC44 /* Object.cpp */,
				27BF78171FB0D6A70045EC44 /* Object.h */,
				27BF78101FB0D6A60045EC44 /* Orange.cpp */,
				27BF77FF1FB0D6A40045EC44 /* Orange.h */,
				27BF77FA1FB0D6A40045EC44 /* OrthogonalCamera.cpp */,
				27BF78151FB0D6A70045EC44 /* OrthogonalCamera.h */,
				27BF78031FB0D6A40045EC44 /* Pause.cpp */,
				27BF782E1FB0D6AB0045EC44 /* Pause.h */,
				27BF78081FB0D6A50045EC44 /* PerspectiveCamera.cpp */,
				27BF78161FB0D6A70045EC44 /* PerspectiveCamera.h */,
				27BF781C1FB0D6A80045EC44 /* PointLight.cpp */,
				27BF77F81FB0D6A30045EC44 /* PointLight.h */,
				27BF77F91FB0D6A30045EC44 /* README.md */,
				27BF78061FB0D6A50045EC44 /* Spotlight.cpp */,
				27BF782F1FB0D6AC0045EC44 /* Spotlight.h */,
				27BF78111FB0D6A60045EC44 /* StaticObject.cpp */,
				27BF78051FB0D6A50045EC44 /* StaticObject.h */,
				27BF77FC1FB0D6A40045EC44 /* Table.cpp */,
				27BF78301FB0D6AC0045EC44 /* Table.h */,
				27BF780D1FB0D6A60045EC44 /* TGA.cpp */,
				27BF78021FB0D6A40045EC44 /* TGA.h */,
				27BF77FD1FB0D6A40045EC44 /* Vector3.cpp */,
				27BF78241FB0D6AA0045EC44 /* Vector3.h */,
				27BF781D1FB0D6A80045EC44 /* VertexAttrDef.h */,
				27BF77F71FB0D6A30045EC44 /* vsShaderLib.cpp */,
				27BF78271FB0D6AA0045EC44 /* vsShaderLib.h */,
				27ADF4ED1FA14C88002765D2 /* data */,
				271C84771F87D91C00E3F947 /* Products */,
				271C84B81F87D9BA00E3F947 /* Frameworks */,
			);
			sourceTree = "<group>";
		};
		271C84771F87D91C00E3F947 /* Products */ = {
			isa = PBXGroup;
			children = (
				271C84761F87D91C00E3F947 /* MicroMachinesAVT */,
			);
			name = Products;
			sourceTree = "<group>";
		};
		271C84B81F87D9BA00E3F947 /* Frameworks */ = {
			isa = PBXGroup;
			children = (
				27BF784E1FB0D6DB0045EC44 /* libIL.dylib */,
				272BAA4E1FA1BDEE004AB084 /* libassimp.4.0.1.dylib */,
				271C84BD1F87D9D600E3F947 /* libGLEW.2.1.0.dylib */,
				271C84BB1F87D9C000E3F947 /* GLUT.framework */,
				271C84B91F87D9BB00E3F947 /* OpenGL.framework */,
			);
			name = Frameworks;
			sourceTree = "<group>";
		};
		27ADF4ED1FA14C88002765D2 /* data */ = {
			isa = PBXGroup;
			children = (
				27BF77F51FB0D68B0045EC44 /* models */,
				27ADF4EE1FA14C88002765D2 /* textures */,
				27ADF4F71FA14C88002765D2 /* shaders */,
				27ADF4FA1FA14C88002765D2 /* hud */,
			);
			path = data;
			sourceTree = "<group>";
		};
		27ADF4EE1FA14C88002765D2 /* textures */ = {
			isa = PBXGroup;
			children = (
				D1256A511FBF5E0700FF6C18 /* tex1.tga */,
				D1256A521FBF5E0800FF6C18 /* tex2.tga */,
				D1256A4D1FBF5E0600FF6C18 /* tex3.tga */,
				D1256A4E1FBF5E0700FF6C18 /* tex4.tga */,
				D1256A4C1FBF5E0600FF6C18 /* tex5.tga */,
				D1256A4B1FBF5E0600FF6C18 /* tex6.tga */,
				D1256A4F1FBF5E0700FF6C18 /* tex7.tga */,
				D1256A501FBF5E0700FF6C18 /* tex9.tga */,
				D181FBCA1FBCAD6100E3A500 /* flare3.tga */,
				D181FBCB1FBCAD6200E3A500 /* sun.tga */,
				D19136371FBB36760093366E /* particula.bmp */,
				2755C0131FB9F7ED00984DFD /* celery.tga */,
				2718D4B21FA16204009211AC /* floor_diff.tga */,
				2718D4B11FA16204009211AC /* floor_disp.tga */,
				2718D4AF1FA158AF009211AC /* cooker.tga */,
				27ADF4EF1FA14C88002765D2 /* candle.tga */,
				27ADF4F01FA14C88002765D2 /* butter.tga */,
				27ADF4F21FA14C88002765D2 /* wood.tga */,
				27ADF4F31FA14C88002765D2 /* orange.tga */,
				27ADF4F41FA14C88002765D2 /* stone.tga */,
				27ADF4F51FA14C88002765D2 /* cheerio.tga */,
				27ADF4F61FA14C88002765D2 /* lightwood.tga */,
			);
			path = textures;
			sourceTree = "<group>";
		};
		27ADF4F71FA14C88002765D2 /* shaders */ = {
			isa = PBXGroup;
			children = (
				D19136341FBB36190093366E /* billboard.frag */,
				D19136331FBB36180093366E /* billboard.vert */,
				27ADF4F81FA14C88002765D2 /* pointlight.vert */,
				27ADF4F91FA14C88002765D2 /* pointlight.frag */,
			);
			path = shaders;
			sourceTree = "<group>";
		};
		27ADF4FA1FA14C88002765D2 /* hud */ = {
			isa = PBXGroup;
			children = (
				27D5EB961FA179810015B813 /* life.tga */,
				27ADF4FB1FA14C88002765D2 /* pause.tga */,
				27ADF4FC1FA14C88002765D2 /* gameover.tga */,
			);
			path = hud;
			sourceTree = "<group>";
		};
		27BF77F51FB0D68B0045EC44 /* models */ = {
			isa = PBXGroup;
			children = (
				D16A9E3F1FBA162300E890ED /* Coffe cup.mtl */,
				D16A9E3E1FBA162300E890ED /* Coffe cup.obj */,
				270FB3601FB81E2500AC7D17 /* Avent.mtl */,
				270FB3591FB81E2400AC7D17 /* Avent.obj */,
				270FB35F1FB81E2500AC7D17 /* interior_lod0.tga */,
				270FB35C1FB81E2500AC7D17 /* Lamborghinilogo.jpg */,
				270FB3611FB81E2500AC7D17 /* lights_lod0.tga */,
				270FB35A1FB81E2500AC7D17 /* lights.tga */,
				270FB35E1FB81E2500AC7D17 /* nodamage_lod0.tga */,
				270FB35D1FB81E2500AC7D17 /* nodamage.tga */,
				270FB35B1FB81E2500AC7D17 /* plastic3_nrm.tga */,
			);
			path = models;
			sourceTree = "<group>";
		};
/* End PBXGroup section */

/* Begin PBXNativeTarget section */
		271C84751F87D91C00E3F947 /* MicroMachinesAVT */ = {
			isa = PBXNativeTarget;
			buildConfigurationList = 271C847D1F87D91D00E3F947 /* Build configuration list for PBXNativeTarget "MicroMachinesAVT" */;
			buildPhases = (
				271C84721F87D91C00E3F947 /* Sources */,
				271C84731F87D91C00E3F947 /* Frameworks */,
				271C84741F87D91C00E3F947 /* shaders */,
				27D2E6701F991BBB0076D8FF /* textures */,
				275307C61F9E2BE000843A2A /* hud */,
				270FB3621FB81E4200AC7D17 /* models */,
			);
			buildRules = (
			);
			dependencies = (
			);
			name = MicroMachinesAVT;
			productName = exercise3;
			productReference = 271C84761F87D91C00E3F947 /* MicroMachinesAVT */;
			productType = "com.apple.product-type.tool";
		};
/* End PBXNativeTarget section */

/* Begin PBXProject section */
		271C846E1F87D91C00E3F947 /* Project object */ = {
			isa = PBXProject;
			attributes = {
				LastUpgradeCheck = 0900;
				ORGANIZATIONNAME = group08;
				TargetAttributes = {
					271C84751F87D91C00E3F947 = {
						CreatedOnToolsVersion = 9.0;
						ProvisioningStyle = Automatic;
					};
				};
			};
			buildConfigurationList = 271C84711F87D91C00E3F947 /* Build configuration list for PBXProject "MicroMachinesAVT" */;
			compatibilityVersion = "Xcode 8.0";
			developmentRegion = en;
			hasScannedForEncodings = 0;
			knownRegions = (
				en,
			);
			mainGroup = 271C846D1F87D91C00E3F947;
			productRefGroup = 271C84771F87D91C00E3F947 /* Products */;
			projectDirPath = "";
			projectRoot = "";
			targets = (
				271C84751F87D91C00E3F947 /* MicroMachinesAVT */,
			);
		};
/* End PBXProject section */

/* Begin PBXSourcesBuildPhase section */
		271C84721F87D91C00E3F947 /* Sources */ = {
			isa = PBXSourcesBuildPhase;
			buildActionMask = 2147483647;
			files = (
				27BF78411FB0D6AC0045EC44 /* StaticObject.cpp in Sources */,
				27BF78451FB0D6AC0045EC44 /* LightSource.cpp in Sources */,
				27BF78321FB0D6AC0045EC44 /* vsShaderLib.cpp in Sources */,
				27BF78441FB0D6AC0045EC44 /* PointLight.cpp in Sources */,
				27BF78361FB0D6AC0045EC44 /* Vector3.cpp in Sources */,
				27D1B7241FB7CEF50082B7F9 /* basic_geometry.cpp in Sources */,
				27BF78341FB0D6AC0045EC44 /* Entity.cpp in Sources */,
				27BF78381FB0D6AC0045EC44 /* Pause.cpp in Sources */,
				270354531FB8ED9600EDC946 /* Cup.cpp in Sources */,
				27BF783D1FB0D6AC0045EC44 /* Camera.cpp in Sources */,
				27BF784B1FB0D6AC0045EC44 /* Candle.cpp in Sources */,
				27BF78471FB0D6AC0045EC44 /* Car.cpp in Sources */,
				27BF784A1FB0D6AC0045EC44 /* MicroMachines.cpp in Sources */,
				27BF78391FB0D6AC0045EC44 /* Spotlight.cpp in Sources */,
				27BF78491FB0D6AC0045EC44 /* Cheerio.cpp in Sources */,
				27BF78371FB0D6AC0045EC44 /* Life.cpp in Sources */,
				27BF78461FB0D6AC0045EC44 /* main.cpp in Sources */,
				D191363B1FBB385E0093366E /* LensFlare.cpp in Sources */,
				2755C0111FB9F70800984DFD /* Celery.cpp in Sources */,
				27BF78351FB0D6AC0045EC44 /* Table.cpp in Sources */,
				27BF783E1FB0D6AC0045EC44 /* TGA.cpp in Sources */,
				27BF78401FB0D6AC0045EC44 /* Orange.cpp in Sources */,
				27BF784C1FB0D6AC0045EC44 /* DirectionalLight.cpp in Sources */,
				27BF784D1FB0D6AC0045EC44 /* Butter.cpp in Sources */,
				27BF78431FB0D6AC0045EC44 /* GameOver.cpp in Sources */,
				27BF78481FB0D6AC0045EC44 /* DynamicObject.cpp in Sources */,
				27BF78421FB0D6AC0045EC44 /* AVTmathLib.cpp in Sources */,
				27BF783A1FB0D6AC0045EC44 /* PerspectiveCamera.cpp in Sources */,
				27BF783B1FB0D6AC0045EC44 /* Object.cpp in Sources */,
				27BF78331FB0D6AC0045EC44 /* OrthogonalCamera.cpp in Sources */,
				2755C00E1FB9F55200984DFD /* l3dBillboard.cpp in Sources */,
			);
			runOnlyForDeploymentPostprocessing = 0;
		};
/* End PBXSourcesBuildPhase section */

/* Begin XCBuildConfiguration section */
		271C847B1F87D91D00E3F947 /* Debug */ = {
			isa = XCBuildConfiguration;
			buildSettings = {
				ALWAYS_SEARCH_USER_PATHS = NO;
				CLANG_ANALYZER_NONNULL = YES;
				CLANG_ANALYZER_NUMBER_OBJECT_CONVERSION = YES_AGGRESSIVE;
				CLANG_CXX_LANGUAGE_STANDARD = "gnu++14";
				CLANG_CXX_LIBRARY = "libc++";
				CLANG_ENABLE_MODULES = YES;
				CLANG_ENABLE_OBJC_ARC = YES;
				CLANG_WARN_BLOCK_CAPTURE_AUTORELEASING = YES;
				CLANG_WARN_BOOL_CONVERSION = YES;
				CLANG_WARN_COMMA = YES;
				CLANG_WARN_CONSTANT_CONVERSION = YES;
				CLANG_WARN_DIRECT_OBJC_ISA_USAGE = YES_ERROR;
				CLANG_WARN_DOCUMENTATION_COMMENTS = YES;
				CLANG_WARN_EMPTY_BODY = YES;
				CLANG_WARN_ENUM_CONVERSION = YES;
				CLANG_WARN_INFINITE_RECURSION = YES;
				CLANG_WARN_INT_CONVERSION = YES;
				CLANG_WARN_NON_LITERAL_NULL_CONVERSION = YES;
				CLANG_WARN_OBJC_LITERAL_CONVERSION = YES;
				CLANG_WARN_OBJC_ROOT_CLASS = YES_ERROR;
				CLANG_WARN_RANGE_LOOP_ANALYSIS = YES;
				CLANG_WARN_STRICT_PROTOTYPES = YES;
				CLANG_WARN_SUSPICIOUS_MOVE = YES;
				CLANG_WARN_UNGUARDED_AVAILABILITY = YES_AGGRESSIVE;
				CLANG_WARN_UNREACHABLE_CODE = YES;
				CLANG_WARN__DUPLICATE_METHOD_MATCH = YES;
				CODE_SIGN_IDENTITY = "-";
				COPY_PHASE_STRIP = NO;
				DEBUG_INFORMATION_FORMAT = dwarf;
				ENABLE_STRICT_OBJC_MSGSEND = YES;
				ENABLE_TESTABILITY = YES;
				GCC_C_LANGUAGE_STANDARD = gnu11;
				GCC_DYNAMIC_NO_PIC = NO;
				GCC_NO_COMMON_BLOCKS = YES;
				GCC_OPTIMIZATION_LEVEL = 0;
				GCC_PREPROCESSOR_DEFINITIONS = (
					"DEBUG=1",
					"$(inherited)",
				);
				GCC_WARN_64_TO_32_BIT_CONVERSION = YES;
				GCC_WARN_ABOUT_RETURN_TYPE = YES_ERROR;
				GCC_WARN_UNDECLARED_SELECTOR = YES;
				GCC_WARN_UNINITIALIZED_AUTOS = YES_AGGRESSIVE;
				GCC_WARN_UNUSED_FUNCTION = YES;
				GCC_WARN_UNUSED_VARIABLE = YES;
				MACOSX_DEPLOYMENT_TARGET = 10.12;
				MTL_ENABLE_DEBUG_INFO = YES;
				ONLY_ACTIVE_ARCH = YES;
				SDKROOT = macosx;
			};
			name = Debug;
		};
		271C847C1F87D91D00E3F947 /* Release */ = {
			isa = XCBuildConfiguration;
			buildSettings = {
				ALWAYS_SEARCH_USER_PATHS = NO;
				CLANG_ANALYZER_NONNULL = YES;
				CLANG_ANALYZER_NUMBER_OBJECT_CONVERSION = YES_AGGRESSIVE;
				CLANG_CXX_LANGUAGE_STANDARD = "gnu++14";
				CLANG_CXX_LIBRARY = "libc++";
				CLANG_ENABLE_MODULES = YES;
				CLANG_ENABLE_OBJC_ARC = YES;
				CLANG_WARN_BLOCK_CAPTURE_AUTORELEASING = YES;
				CLANG_WARN_BOOL_CONVERSION = YES;
				CLANG_WARN_COMMA = YES;
				CLANG_WARN_CONSTANT_CONVERSION = YES;
				CLANG_WARN_DIRECT_OBJC_ISA_USAGE = YES_ERROR;
				CLANG_WARN_DOCUMENTATION_COMMENTS = YES;
				CLANG_WARN_EMPTY_BODY = YES;
				CLANG_WARN_ENUM_CONVERSION = YES;
				CLANG_WARN_INFINITE_RECURSION = YES;
				CLANG_WARN_INT_CONVERSION = YES;
				CLANG_WARN_NON_LITERAL_NULL_CONVERSION = YES;
				CLANG_WARN_OBJC_LITERAL_CONVERSION = YES;
				CLANG_WARN_OBJC_ROOT_CLASS = YES_ERROR;
				CLANG_WARN_RANGE_LOOP_ANALYSIS = YES;
				CLANG_WARN_STRICT_PROTOTYPES = YES;
				CLANG_WARN_SUSPICIOUS_MOVE = YES;
				CLANG_WARN_UNGUARDED_AVAILABILITY = YES_AGGRESSIVE;
				CLANG_WARN_UNREACHABLE_CODE = YES;
				CLANG_WARN__DUPLICATE_METHOD_MATCH = YES;
				CODE_SIGN_IDENTITY = "-";
				COPY_PHASE_STRIP = NO;
				DEBUG_INFORMATION_FORMAT = "dwarf-with-dsym";
				ENABLE_NS_ASSERTIONS = NO;
				ENABLE_STRICT_OBJC_MSGSEND = YES;
				GCC_C_LANGUAGE_STANDARD = gnu11;
				GCC_NO_COMMON_BLOCKS = YES;
				GCC_WARN_64_TO_32_BIT_CONVERSION = YES;
				GCC_WARN_ABOUT_RETURN_TYPE = YES_ERROR;
				GCC_WARN_UNDECLARED_SELECTOR = YES;
				GCC_WARN_UNINITIALIZED_AUTOS = YES_AGGRESSIVE;
				GCC_WARN_UNUSED_FUNCTION = YES;
				GCC_WARN_UNUSED_VARIABLE = YES;
				MACOSX_DEPLOYMENT_TARGET = 10.12;
				MTL_ENABLE_DEBUG_INFO = NO;
				SDKROOT = macosx;
			};
			name = Release;
		};
		271C847E1F87D91D00E3F947 /* Debug */ = {
			isa = XCBuildConfiguration;
			buildSettings = {
				CODE_SIGN_STYLE = Automatic;
				GCC_WARN_ABOUT_DEPRECATED_FUNCTIONS = NO;
				HEADER_SEARCH_PATHS = /usr/local/include;
				LIBRARY_SEARCH_PATHS = (
					"$(inherited)",
					/usr/local/Cellar/glew/2.1.0/lib,
					/usr/local/lib,
					/usr/local/Cellar/assimp/4.0.1/lib,
					/usr/local/Cellar/devil/1.8.0_1/lib,
				);
				"LIBRARY_SEARCH_PATHS[arch=*]" = (
					"$(inherited)",
					/usr/local/Cellar/glew/2.1.0/lib,
					/usr/local/lib,
					/usr/local/Cellar/assimp/4.0.1/lib,
					/usr/local/Cellar/devil/1.8.0_1/lib,
				);
				PRODUCT_NAME = "$(TARGET_NAME)";
			};
			name = Debug;
		};
		271C847F1F87D91D00E3F947 /* Release */ = {
			isa = XCBuildConfiguration;
			buildSettings = {
				CODE_SIGN_STYLE = Automatic;
				GCC_WARN_ABOUT_DEPRECATED_FUNCTIONS = NO;
				HEADER_SEARCH_PATHS = /usr/local/include;
				LIBRARY_SEARCH_PATHS = (
					"$(inherited)",
					/usr/local/Cellar/glew/2.1.0/lib,
					/usr/local/lib,
					/usr/local/Cellar/assimp/4.0.1/lib,
					/usr/local/Cellar/devil/1.8.0_1/lib,
				);
				PRODUCT_NAME = "$(TARGET_NAME)";
			};
			name = Release;
		};
/* End XCBuildConfiguration section */

/* Begin XCConfigurationList section */
		271C84711F87D91C00E3F947 /* Build configuration list for PBXProject "MicroMachinesAVT" */ = {
			isa = XCConfigurationList;
			buildConfigurations = (
				271C847B1F87D91D00E3F947 /* Debug */,
				271C847C1F87D91D00E3F947 /* Release */,
			);
			defaultConfigurationIsVisible = 0;
			defaultConfigurationName = Release;
		};
		271C847D1F87D91D00E3F947 /* Build configuration list for PBXNativeTarget "MicroMachinesAVT" */ = {
			isa = XCConfigurationList;
			buildConfigurations = (
				271C847E1F87D91D00E3F947 /* Debug */,
				271C847F1F87D91D00E3F947 /* Release */,
			);
			defaultConfigurationIsVisible = 0;
			defaultConfigurationName = Release;
		};
/* End XCConfigurationList section */
	};
	rootObject = 271C846E1F87D91C00E3F947 /* Project object */;
}
