// !$*UTF8*$!
{
	archiveVersion = 1;
	classes = {
	};
	objectVersion = 48;
	objects = {

/* Begin PBXBuildFile section */
		2720C6D91F83EE84006E0122 /* AVTmathLib.cpp in Sources */ = {isa = PBXBuildFile; fileRef = 2720C6CE1F83EE84006E0122 /* AVTmathLib.cpp */; };
		2720C6DA1F83EE84006E0122 /* lightDemo.cpp in Sources */ = {isa = PBXBuildFile; fileRef = 2720C6D01F83EE84006E0122 /* lightDemo.cpp */; settings = {COMPILER_FLAGS = "-Wno-deprecated"; }; };
		2720C6DB1F83EE84006E0122 /* vsShaderLib.cpp in Sources */ = {isa = PBXBuildFile; fileRef = 2720C6D11F83EE84006E0122 /* vsShaderLib.cpp */; };
		2720C6DC1F83EE84006E0122 /* basic_geometry.cpp in Sources */ = {isa = PBXBuildFile; fileRef = 2720C6D31F83EE84006E0122 /* basic_geometry.cpp */; };
		2720C6DF1F83EE94006E0122 /* OpenGL.framework in Frameworks */ = {isa = PBXBuildFile; fileRef = 2720C6DE1F83EE94006E0122 /* OpenGL.framework */; };
		2720C6E11F83EE9A006E0122 /* GLUT.framework in Frameworks */ = {isa = PBXBuildFile; fileRef = 2720C6E01F83EE9A006E0122 /* GLUT.framework */; };
		2720C6E31F83EEAB006E0122 /* libGLEW.2.1.0.dylib in Frameworks */ = {isa = PBXBuildFile; fileRef = 2720C6E21F83EEAB006E0122 /* libGLEW.2.1.0.dylib */; };
		2720C6E41F83EEE6006E0122 /* pointlight.frag in CopyFiles */ = {isa = PBXBuildFile; fileRef = 2720C6D61F83EE84006E0122 /* pointlight.frag */; };
		2720C6E51F83EEE6006E0122 /* pointlight.vert in CopyFiles */ = {isa = PBXBuildFile; fileRef = 2720C6D71F83EE84006E0122 /* pointlight.vert */; };
/* End PBXBuildFile section */

/* Begin PBXCopyFilesBuildPhase section */
		2720C6C11F83EE3A006E0122 /* CopyFiles */ = {
			isa = PBXCopyFilesBuildPhase;
			buildActionMask = 12;
			dstPath = shaders;
			dstSubfolderSpec = 16;
			files = (
				2720C6E41F83EEE6006E0122 /* pointlight.frag in CopyFiles */,
				2720C6E51F83EEE6006E0122 /* pointlight.vert in CopyFiles */,
			);
			runOnlyForDeploymentPostprocessing = 0;
		};
/* End PBXCopyFilesBuildPhase section */

/* Begin PBXFileReference section */
		2720C6C31F83EE3A006E0122 /* exercise2 */ = {isa = PBXFileReference; explicitFileType = "compiled.mach-o.executable"; includeInIndex = 0; path = exercise2; sourceTree = BUILT_PRODUCTS_DIR; };
		2720C6CD1F83EE84006E0122 /* vsShaderLib.h */ = {isa = PBXFileReference; fileEncoding = 4; lastKnownFileType = sourcecode.c.h; path = vsShaderLib.h; sourceTree = "<group>"; };
		2720C6CE1F83EE84006E0122 /* AVTmathLib.cpp */ = {isa = PBXFileReference; fileEncoding = 4; lastKnownFileType = sourcecode.cpp.cpp; path = AVTmathLib.cpp; sourceTree = "<group>"; };
		2720C6CF1F83EE84006E0122 /* cube.h */ = {isa = PBXFileReference; fileEncoding = 4; lastKnownFileType = sourcecode.c.h; path = cube.h; sourceTree = "<group>"; };
		2720C6D01F83EE84006E0122 /* lightDemo.cpp */ = {isa = PBXFileReference; fileEncoding = 4; lastKnownFileType = sourcecode.cpp.cpp; path = lightDemo.cpp; sourceTree = "<group>"; };
		2720C6D11F83EE84006E0122 /* vsShaderLib.cpp */ = {isa = PBXFileReference; fileEncoding = 4; lastKnownFileType = sourcecode.cpp.cpp; path = vsShaderLib.cpp; sourceTree = "<group>"; };
		2720C6D21F83EE84006E0122 /* basic_geometry.h */ = {isa = PBXFileReference; fileEncoding = 4; lastKnownFileType = sourcecode.c.h; path = basic_geometry.h; sourceTree = "<group>"; };
		2720C6D31F83EE84006E0122 /* basic_geometry.cpp */ = {isa = PBXFileReference; fileEncoding = 4; lastKnownFileType = sourcecode.cpp.cpp; path = basic_geometry.cpp; sourceTree = "<group>"; };
		2720C6D41F83EE84006E0122 /* AVTmathLib.h */ = {isa = PBXFileReference; fileEncoding = 4; lastKnownFileType = sourcecode.c.h; path = AVTmathLib.h; sourceTree = "<group>"; };
		2720C6D61F83EE84006E0122 /* pointlight.frag */ = {isa = PBXFileReference; fileEncoding = 4; lastKnownFileType = sourcecode.glsl; path = pointlight.frag; sourceTree = "<group>"; };
		2720C6D71F83EE84006E0122 /* pointlight.vert */ = {isa = PBXFileReference; fileEncoding = 4; lastKnownFileType = sourcecode.glsl; path = pointlight.vert; sourceTree = "<group>"; };
		2720C6D81F83EE84006E0122 /* VertexAttrDef.h */ = {isa = PBXFileReference; fileEncoding = 4; lastKnownFileType = sourcecode.c.h; path = VertexAttrDef.h; sourceTree = "<group>"; };
		2720C6DE1F83EE94006E0122 /* OpenGL.framework */ = {isa = PBXFileReference; lastKnownFileType = wrapper.framework; name = OpenGL.framework; path = System/Library/Frameworks/OpenGL.framework; sourceTree = SDKROOT; };
		2720C6E01F83EE9A006E0122 /* GLUT.framework */ = {isa = PBXFileReference; lastKnownFileType = wrapper.framework; name = GLUT.framework; path = System/Library/Frameworks/GLUT.framework; sourceTree = SDKROOT; };
		2720C6E21F83EEAB006E0122 /* libGLEW.2.1.0.dylib */ = {isa = PBXFileReference; lastKnownFileType = "compiled.mach-o.dylib"; name = libGLEW.2.1.0.dylib; path = ../../../../../usr/local/Cellar/glew/2.1.0/lib/libGLEW.2.1.0.dylib; sourceTree = "<group>"; };
/* End PBXFileReference section */

/* Begin PBXFrameworksBuildPhase section */
		2720C6C01F83EE3A006E0122 /* Frameworks */ = {
			isa = PBXFrameworksBuildPhase;
			buildActionMask = 2147483647;
			files = (
				2720C6E31F83EEAB006E0122 /* libGLEW.2.1.0.dylib in Frameworks */,
				2720C6E11F83EE9A006E0122 /* GLUT.framework in Frameworks */,
				2720C6DF1F83EE94006E0122 /* OpenGL.framework in Frameworks */,
			);
			runOnlyForDeploymentPostprocessing = 0;
		};
/* End PBXFrameworksBuildPhase section */

/* Begin PBXGroup section */
		2720C6BA1F83EE3A006E0122 = {
			isa = PBXGroup;
			children = (
				2720C6CE1F83EE84006E0122 /* AVTmathLib.cpp */,
				2720C6D41F83EE84006E0122 /* AVTmathLib.h */,
				2720C6D31F83EE84006E0122 /* basic_geometry.cpp */,
				2720C6D21F83EE84006E0122 /* basic_geometry.h */,
				2720C6CF1F83EE84006E0122 /* cube.h */,
				2720C6D01F83EE84006E0122 /* lightDemo.cpp */,
				2720C6D51F83EE84006E0122 /* shaders */,
				2720C6D81F83EE84006E0122 /* VertexAttrDef.h */,
				2720C6D11F83EE84006E0122 /* vsShaderLib.cpp */,
				2720C6CD1F83EE84006E0122 /* vsShaderLib.h */,
				2720C6C41F83EE3A006E0122 /* Products */,
				2720C6DD1F83EE94006E0122 /* Frameworks */,
			);
			sourceTree = "<group>";
		};
		2720C6C41F83EE3A006E0122 /* Products */ = {
			isa = PBXGroup;
			children = (
				2720C6C31F83EE3A006E0122 /* exercise2 */,
			);
			name = Products;
			sourceTree = "<group>";
		};
		2720C6D51F83EE84006E0122 /* shaders */ = {
			isa = PBXGroup;
			children = (
				2720C6D61F83EE84006E0122 /* pointlight.frag */,
				2720C6D71F83EE84006E0122 /* pointlight.vert */,
			);
			path = shaders;
			sourceTree = "<group>";
		};
		2720C6DD1F83EE94006E0122 /* Frameworks */ = {
			isa = PBXGroup;
			children = (
				2720C6E21F83EEAB006E0122 /* libGLEW.2.1.0.dylib */,
				2720C6E01F83EE9A006E0122 /* GLUT.framework */,
				2720C6DE1F83EE94006E0122 /* OpenGL.framework */,
			);
			name = Frameworks;
			sourceTree = "<group>";
		};
/* End PBXGroup section */

/* Begin PBXNativeTarget section */
		2720C6C21F83EE3A006E0122 /* exercise2 */ = {
			isa = PBXNativeTarget;
			buildConfigurationList = 2720C6CA1F83EE3A006E0122 /* Build configuration list for PBXNativeTarget "exercise2" */;
			buildPhases = (
				2720C6BF1F83EE3A006E0122 /* Sources */,
				2720C6C01F83EE3A006E0122 /* Frameworks */,
				2720C6C11F83EE3A006E0122 /* CopyFiles */,
			);
			buildRules = (
			);
			dependencies = (
			);
			name = exercise2;
			productName = exercise2;
			productReference = 2720C6C31F83EE3A006E0122 /* exercise2 */;
			productType = "com.apple.product-type.tool";
		};
/* End PBXNativeTarget section */

/* Begin PBXProject section */
		2720C6BB1F83EE3A006E0122 /* Project object */ = {
			isa = PBXProject;
			attributes = {
				LastUpgradeCheck = 0900;
				ORGANIZATIONNAME = group8;
				TargetAttributes = {
					2720C6C21F83EE3A006E0122 = {
						CreatedOnToolsVersion = 9.0;
						ProvisioningStyle = Automatic;
					};
				};
			};
			buildConfigurationList = 2720C6BE1F83EE3A006E0122 /* Build configuration list for PBXProject "exercise2" */;
			compatibilityVersion = "Xcode 8.0";
			developmentRegion = en;
			hasScannedForEncodings = 0;
			knownRegions = (
				en,
			);
			mainGroup = 2720C6BA1F83EE3A006E0122;
			productRefGroup = 2720C6C41F83EE3A006E0122 /* Products */;
			projectDirPath = "";
			projectRoot = "";
			targets = (
				2720C6C21F83EE3A006E0122 /* exercise2 */,
			);
		};
/* End PBXProject section */

/* Begin PBXSourcesBuildPhase section */
		2720C6BF1F83EE3A006E0122 /* Sources */ = {
			isa = PBXSourcesBuildPhase;
			buildActionMask = 2147483647;
			files = (
				2720C6DC1F83EE84006E0122 /* basic_geometry.cpp in Sources */,
				2720C6DB1F83EE84006E0122 /* vsShaderLib.cpp in Sources */,
				2720C6D91F83EE84006E0122 /* AVTmathLib.cpp in Sources */,
				2720C6DA1F83EE84006E0122 /* lightDemo.cpp in Sources */,
			);
			runOnlyForDeploymentPostprocessing = 0;
		};
/* End PBXSourcesBuildPhase section */

/* Begin XCBuildConfiguration section */
		2720C6C81F83EE3A006E0122 /* Debug */ = {
			isa = XCBuildConfiguration;
			buildSettings = {
				ALWAYS_SEARCH_USER_PATHS = NO;
				CLANG_ANALYZER_NONNULL = YES;
				CLANG_ANALYZER_NUMBER_OBJECT_CONVERSION = YES_AGGRESSIVE;
				CLANG_CXX_LANGUAGE_STANDARD = "gnu++14";
				CLANG_CXX_LIBRARY = "libc++";
				CLANG_ENABLE_MODULES = YES;
				CLANG_ENABLE_OBJC_ARC = YES;
				CLANG_WARN_BLOCK_CAPTURE_AUTORELEASING = YES;
				CLANG_WARN_BOOL_CONVERSION = YES;
				CLANG_WARN_COMMA = YES;
				CLANG_WARN_CONSTANT_CONVERSION = YES;
				CLANG_WARN_DIRECT_OBJC_ISA_USAGE = YES_ERROR;
				CLANG_WARN_DOCUMENTATION_COMMENTS = YES;
				CLANG_WARN_EMPTY_BODY = YES;
				CLANG_WARN_ENUM_CONVERSION = YES;
				CLANG_WARN_INFINITE_RECURSION = YES;
				CLANG_WARN_INT_CONVERSION = YES;
				CLANG_WARN_NON_LITERAL_NULL_CONVERSION = YES;
				CLANG_WARN_OBJC_LITERAL_CONVERSION = YES;
				CLANG_WARN_OBJC_ROOT_CLASS = YES_ERROR;
				CLANG_WARN_RANGE_LOOP_ANALYSIS = YES;
				CLANG_WARN_STRICT_PROTOTYPES = YES;
				CLANG_WARN_SUSPICIOUS_MOVE = YES;
				CLANG_WARN_UNGUARDED_AVAILABILITY = YES_AGGRESSIVE;
				CLANG_WARN_UNREACHABLE_CODE = YES;
				CLANG_WARN__DUPLICATE_METHOD_MATCH = YES;
				CODE_SIGN_IDENTITY = "-";
				COPY_PHASE_STRIP = NO;
				DEBUG_INFORMATION_FORMAT = dwarf;
				ENABLE_STRICT_OBJC_MSGSEND = YES;
				ENABLE_TESTABILITY = YES;
				GCC_C_LANGUAGE_STANDARD = gnu11;
				GCC_DYNAMIC_NO_PIC = NO;
				GCC_NO_COMMON_BLOCKS = YES;
				GCC_OPTIMIZATION_LEVEL = 0;
				GCC_PREPROCESSOR_DEFINITIONS = (
					"DEBUG=1",
					"$(inherited)",
				);
				GCC_WARN_64_TO_32_BIT_CONVERSION = YES;
				GCC_WARN_ABOUT_RETURN_TYPE = YES_ERROR;
				GCC_WARN_UNDECLARED_SELECTOR = YES;
				GCC_WARN_UNINITIALIZED_AUTOS = YES_AGGRESSIVE;
				GCC_WARN_UNUSED_FUNCTION = YES;
				GCC_WARN_UNUSED_VARIABLE = YES;
				MACOSX_DEPLOYMENT_TARGET = 10.12;
				MTL_ENABLE_DEBUG_INFO = YES;
				ONLY_ACTIVE_ARCH = YES;
				SDKROOT = macosx;
			};
			name = Debug;
		};
		2720C6C91F83EE3A006E0122 /* Release */ = {
			isa = XCBuildConfiguration;
			buildSettings = {
				ALWAYS_SEARCH_USER_PATHS = NO;
				CLANG_ANALYZER_NONNULL = YES;
				CLANG_ANALYZER_NUMBER_OBJECT_CONVERSION = YES_AGGRESSIVE;
				CLANG_CXX_LANGUAGE_STANDARD = "gnu++14";
				CLANG_CXX_LIBRARY = "libc++";
				CLANG_ENABLE_MODULES = YES;
				CLANG_ENABLE_OBJC_ARC = YES;
				CLANG_WARN_BLOCK_CAPTURE_AUTORELEASING = YES;
				CLANG_WARN_BOOL_CONVERSION = YES;
				CLANG_WARN_COMMA = YES;
				CLANG_WARN_CONSTANT_CONVERSION = YES;
				CLANG_WARN_DIRECT_OBJC_ISA_USAGE = YES_ERROR;
				CLANG_WARN_DOCUMENTATION_COMMENTS = YES;
				CLANG_WARN_EMPTY_BODY = YES;
				CLANG_WARN_ENUM_CONVERSION = YES;
				CLANG_WARN_INFINITE_RECURSION = YES;
				CLANG_WARN_INT_CONVERSION = YES;
				CLANG_WARN_NON_LITERAL_NULL_CONVERSION = YES;
				CLANG_WARN_OBJC_LITERAL_CONVERSION = YES;
				CLANG_WARN_OBJC_ROOT_CLASS = YES_ERROR;
				CLANG_WARN_RANGE_LOOP_ANALYSIS = YES;
				CLANG_WARN_STRICT_PROTOTYPES = YES;
				CLANG_WARN_SUSPICIOUS_MOVE = YES;
				CLANG_WARN_UNGUARDED_AVAILABILITY = YES_AGGRESSIVE;
				CLANG_WARN_UNREACHABLE_CODE = YES;
				CLANG_WARN__DUPLICATE_METHOD_MATCH = YES;
				CODE_SIGN_IDENTITY = "-";
				COPY_PHASE_STRIP = NO;
				DEBUG_INFORMATION_FORMAT = "dwarf-with-dsym";
				ENABLE_NS_ASSERTIONS = NO;
				ENABLE_STRICT_OBJC_MSGSEND = YES;
				GCC_C_LANGUAGE_STANDARD = gnu11;
				GCC_NO_COMMON_BLOCKS = YES;
				GCC_WARN_64_TO_32_BIT_CONVERSION = YES;
				GCC_WARN_ABOUT_RETURN_TYPE = YES_ERROR;
				GCC_WARN_UNDECLARED_SELECTOR = YES;
				GCC_WARN_UNINITIALIZED_AUTOS = YES_AGGRESSIVE;
				GCC_WARN_UNUSED_FUNCTION = YES;
				GCC_WARN_UNUSED_VARIABLE = YES;
				MACOSX_DEPLOYMENT_TARGET = 10.12;
				MTL_ENABLE_DEBUG_INFO = NO;
				SDKROOT = macosx;
			};
			name = Release;
		};
		2720C6CB1F83EE3A006E0122 /* Debug */ = {
			isa = XCBuildConfiguration;
			buildSettings = {
				CODE_SIGN_STYLE = Automatic;
				HEADER_SEARCH_PATHS = /usr/local/include;
				LIBRARY_SEARCH_PATHS = (
					"$(inherited)",
					/usr/local/Cellar/glew/2.1.0/lib,
					/usr/local/lib,
				);
				PRODUCT_NAME = "$(TARGET_NAME)";
			};
			name = Debug;
		};
		2720C6CC1F83EE3A006E0122 /* Release */ = {
			isa = XCBuildConfiguration;
			buildSettings = {
				CODE_SIGN_STYLE = Automatic;
				HEADER_SEARCH_PATHS = /usr/local/include;
				LIBRARY_SEARCH_PATHS = (
					"$(inherited)",
					/usr/local/Cellar/glew/2.1.0/lib,
					/usr/local/lib,
				);
				PRODUCT_NAME = "$(TARGET_NAME)";
			};
			name = Release;
		};
/* End XCBuildConfiguration section */

/* Begin XCConfigurationList section */
		2720C6BE1F83EE3A006E0122 /* Build configuration list for PBXProject "exercise2" */ = {
			isa = XCConfigurationList;
			buildConfigurations = (
				2720C6C81F83EE3A006E0122 /* Debug */,
				2720C6C91F83EE3A006E0122 /* Release */,
			);
			defaultConfigurationIsVisible = 0;
			defaultConfigurationName = Release;
		};
		2720C6CA1F83EE3A006E0122 /* Build configuration list for PBXNativeTarget "exercise2" */ = {
			isa = XCConfigurationList;
			buildConfigurations = (
				2720C6CB1F83EE3A006E0122 /* Debug */,
				2720C6CC1F83EE3A006E0122 /* Release */,
			);
			defaultConfigurationIsVisible = 0;
			defaultConfigurationName = Release;
		};
/* End XCConfigurationList section */
	};
	rootObject = 2720C6BB1F83EE3A006E0122 /* Project object */;
}
